PODS:
  - AFNetworking (3.1.0):
    - AFNetworking/NSURLSession (= 3.1.0)
    - AFNetworking/Reachability (= 3.1.0)
    - AFNetworking/Security (= 3.1.0)
    - AFNetworking/Serialization (= 3.1.0)
    - AFNetworking/UIKit (= 3.1.0)
  - AFNetworking/NSURLSession (3.1.0):
    - AFNetworking/Reachability
    - AFNetworking/Security
    - AFNetworking/Serialization
  - AFNetworking/Reachability (3.1.0)
  - AFNetworking/Security (3.1.0)
  - AFNetworking/Serialization (3.1.0)
  - AFNetworking/UIKit (3.1.0):
    - AFNetworking/NSURLSession
  - DateTools (1.7.0)
  - DCKeyValueObjectMapping (1.5)
  - ReactiveCocoa (2.5):
    - ReactiveCocoa/UI (= 2.5)
  - ReactiveCocoa/Core (2.5):
    - ReactiveCocoa/no-arc
  - ReactiveCocoa/no-arc (2.5)
  - ReactiveCocoa/UI (2.5):
    - ReactiveCocoa/Core
  - RegExCategories (1.0)
  - SDWebImage (3.8.1):
    - SDWebImage/Core (= 3.8.1)
  - SDWebImage/Core (3.8.1)
  - UIColor-HexString (1.1.0)

DEPENDENCIES:
  - AFNetworking
  - DateTools (~> 1.7.0)
  - DCKeyValueObjectMapping (~> 1.5)
  - ReactiveCocoa (~> 2.5)
  - RegExCategories (~> 1.0)
  - SDWebImage (~> 3.8.1)
  - UIColor-HexString (~> 1.1.0)

SPEC CHECKSUMS:
  AFNetworking: 5e0e199f73d8626b11e79750991f5d173d1f8b67
  DateTools: 53288ee8b905fdc75897a1e6b5cc0144b14cba60
  DCKeyValueObjectMapping: c2eb5a6529da100b2e49ef6a599663578051f077
  ReactiveCocoa: e2db045570aa97c695e7aa97c2bcab222ae51f4a
  RegExCategories: e68befacacd5bda853c88f70ec745cb2d0cfb89c
  SDWebImage: 35f9627a3e44b4f292a8a8ce6a531fa488239b91
  UIColor-HexString: f8a5612bd6772fed8db58ee594b42a0b2831750e

PODFILE CHECKSUM: e19a8fb049dd7fba340857ff9f07d33c305b2c55

COCOAPODS: 1.1.1
