// !$*UTF8*$!
{
	archiveVersion = 1;
	classes = {
	};
	objectVersion = 46;
	objects = {

/* Begin PBXBuildFile section */
		158941357C33807F379C5E53 /* Pods_PublisherApp.framework in Frameworks */ = {isa = PBXBuildFile; fileRef = 581121547B8A67E80DDD7EF2 /* Pods_PublisherApp.framework */; };
		5A79807D1E68803700E684ED /* PublisherApp.h in Headers */ = {isa = PBXBuildFile; fileRef = 5A79807C1E68803700E684ED /* PublisherApp.h */; };
		5A850ADC1EDC0C9C00552EA6 /* Localizable.strings in Resources */ = {isa = PBXBuildFile; fileRef = 5A850ADA1EDC0C9C00552EA6 /* Localizable.strings */; };
		5AC92A7C1E8519DA00879CBF /* LargePostCollectionViewCell.xib in Resources */ = {isa = PBXBuildFile; fileRef = 5AC92A791E8519DA00879CBF /* LargePostCollectionViewCell.xib */; };
		5AC92A7E1E8519DA00879CBF /* SmallPostCollectionViewCell.xib in Resources */ = {isa = PBXBuildFile; fileRef = 5AC92A7B1E8519DA00879CBF /* SmallPostCollectionViewCell.xib */; };
		5AC92AB71E8519F300879CBF /* bookmark-active.png in Resources */ = {isa = PBXBuildFile; fileRef = 5AC92A7F1E8519F200879CBF /* bookmark-active.png */; };
		5AC92AB81E8519F300879CBF /* bookmark-active@2x.png in Resources */ = {isa = PBXBuildFile; fileRef = 5AC92A801E8519F200879CBF /* bookmark-active@2x.png */; };
		5AC92AB91E8519F300879CBF /* bookmark-active@3x.png in Resources */ = {isa = PBXBuildFile; fileRef = 5AC92A811E8519F200879CBF /* bookmark-active@3x.png */; };
		5AC92ABA1E8519F300879CBF /* closeButtonX.png in Resources */ = {isa = PBXBuildFile; fileRef = 5AC92A821E8519F200879CBF /* closeButtonX.png */; };
		5AC92ABB1E8519F300879CBF /* closeButtonX@2x.png in Resources */ = {isa = PBXBuildFile; fileRef = 5AC92A831E8519F200879CBF /* closeButtonX@2x.png */; };
		5AC92ABC1E8519F300879CBF /* closeButtonX@3x.png in Resources */ = {isa = PBXBuildFile; fileRef = 5AC92A841E8519F200879CBF /* closeButtonX@3x.png */; };
		5AC92ABD1E8519F300879CBF /* facebook.png in Resources */ = {isa = PBXBuildFile; fileRef = 5AC92A851E8519F200879CBF /* facebook.png */; };
		5AC92ABE1E8519F300879CBF /* facebook@2x.png in Resources */ = {isa = PBXBuildFile; fileRef = 5AC92A861E8519F200879CBF /* facebook@2x.png */; };
		5AC92ABF1E8519F300879CBF /* facebook@3x.png in Resources */ = {isa = PBXBuildFile; fileRef = 5AC92A871E8519F200879CBF /* facebook@3x.png */; };
		5AC92AC01E8519F300879CBF /* Knob.png in Resources */ = {isa = PBXBuildFile; fileRef = 5AC92A881E8519F200879CBF /* Knob.png */; };
		5AC92AC11E8519F300879CBF /* Knob@2x.png in Resources */ = {isa = PBXBuildFile; fileRef = 5AC92A891E8519F200879CBF /* Knob@2x.png */; };
		5AC92AC21E8519F300879CBF /* Knob@3x.png in Resources */ = {isa = PBXBuildFile; fileRef = 5AC92A8A1E8519F200879CBF /* Knob@3x.png */; };
		5AC92AC31E8519F300879CBF /* Like-active-white.png in Resources */ = {isa = PBXBuildFile; fileRef = 5AC92A8B1E8519F200879CBF /* Like-active-white.png */; };
		5AC92AC41E8519F300879CBF /* Like-active-white@2x.png in Resources */ = {isa = PBXBuildFile; fileRef = 5AC92A8C1E8519F200879CBF /* Like-active-white@2x.png */; };
		5AC92AC51E8519F300879CBF /* Like-active-white@3x.png in Resources */ = {isa = PBXBuildFile; fileRef = 5AC92A8D1E8519F200879CBF /* Like-active-white@3x.png */; };
		5AC92AC61E8519F300879CBF /* Like-active.png in Resources */ = {isa = PBXBuildFile; fileRef = 5AC92A8E1E8519F200879CBF /* Like-active.png */; };
		5AC92AC71E8519F300879CBF /* Like-active@2x.png in Resources */ = {isa = PBXBuildFile; fileRef = 5AC92A8F1E8519F200879CBF /* Like-active@2x.png */; };
		5AC92AC81E8519F300879CBF /* Like-active@3x.png in Resources */ = {isa = PBXBuildFile; fileRef = 5AC92A901E8519F200879CBF /* Like-active@3x.png */; };
		5AC92AC91E8519F300879CBF /* Like-white.png in Resources */ = {isa = PBXBuildFile; fileRef = 5AC92A911E8519F200879CBF /* Like-white.png */; };
		5AC92ACA1E8519F300879CBF /* Like-white@2x.png in Resources */ = {isa = PBXBuildFile; fileRef = 5AC92A921E8519F300879CBF /* Like-white@2x.png */; };
		5AC92ACB1E8519F300879CBF /* Like-white@3x.png in Resources */ = {isa = PBXBuildFile; fileRef = 5AC92A931E8519F300879CBF /* Like-white@3x.png */; };
		5AC92ACC1E8519F300879CBF /* Like.png in Resources */ = {isa = PBXBuildFile; fileRef = 5AC92A941E8519F300879CBF /* Like.png */; };
		5AC92ACD1E8519F300879CBF /* Like@2x.png in Resources */ = {isa = PBXBuildFile; fileRef = 5AC92A951E8519F300879CBF /* Like@2x.png */; };
		5AC92ACE1E8519F300879CBF /* Like@3x.png in Resources */ = {isa = PBXBuildFile; fileRef = 5AC92A961E8519F300879CBF /* Like@3x.png */; };
		5AC92ACF1E8519F300879CBF /* messenger.png in Resources */ = {isa = PBXBuildFile; fileRef = 5AC92A971E8519F300879CBF /* messenger.png */; };
		5AC92AD01E8519F300879CBF /* messenger@2x.png in Resources */ = {isa = PBXBuildFile; fileRef = 5AC92A981E8519F300879CBF /* messenger@2x.png */; };
		5AC92AD11E8519F300879CBF /* messenger@3x.png in Resources */ = {isa = PBXBuildFile; fileRef = 5AC92A991E8519F300879CBF /* messenger@3x.png */; };
		5AC92AD21E8519F300879CBF /* navbar_white.png in Resources */ = {isa = PBXBuildFile; fileRef = 5AC92A9A1E8519F300879CBF /* navbar_white.png */; };
		5AC92AD31E8519F300879CBF /* navbar_white@2x.png in Resources */ = {isa = PBXBuildFile; fileRef = 5AC92A9B1E8519F300879CBF /* navbar_white@2x.png */; };
		5AC92AD41E8519F300879CBF /* navbar_white@3x.png in Resources */ = {isa = PBXBuildFile; fileRef = 5AC92A9C1E8519F300879CBF /* navbar_white@3x.png */; };
		5AC92AD51E8519F300879CBF /* post_back.png in Resources */ = {isa = PBXBuildFile; fileRef = 5AC92A9D1E8519F300879CBF /* post_back.png */; };
		5AC92AD61E8519F300879CBF /* post_back@2x.png in Resources */ = {isa = PBXBuildFile; fileRef = 5AC92A9E1E8519F300879CBF /* post_back@2x.png */; };
		5AC92AD71E8519F300879CBF /* post_back@3x.png in Resources */ = {isa = PBXBuildFile; fileRef = 5AC92A9F1E8519F300879CBF /* post_back@3x.png */; };
		5AC92AD81E8519F300879CBF /* post_bookmark.png in Resources */ = {isa = PBXBuildFile; fileRef = 5AC92AA01E8519F300879CBF /* post_bookmark.png */; };
		5AC92AD91E8519F300879CBF /* post_bookmark@2x.png in Resources */ = {isa = PBXBuildFile; fileRef = 5AC92AA11E8519F300879CBF /* post_bookmark@2x.png */; };
		5AC92ADA1E8519F300879CBF /* post_bookmark@3x.png in Resources */ = {isa = PBXBuildFile; fileRef = 5AC92AA21E8519F300879CBF /* post_bookmark@3x.png */; };
		5AC92ADB1E8519F300879CBF /* post_like.png in Resources */ = {isa = PBXBuildFile; fileRef = 5AC92AA31E8519F300879CBF /* post_like.png */; };
		5AC92ADC1E8519F300879CBF /* post_like@2x.png in Resources */ = {isa = PBXBuildFile; fileRef = 5AC92AA41E8519F300879CBF /* post_like@2x.png */; };
		5AC92ADD1E8519F300879CBF /* post_like@3x.png in Resources */ = {isa = PBXBuildFile; fileRef = 5AC92AA51E8519F300879CBF /* post_like@3x.png */; };
		5AC92ADE1E8519F300879CBF /* post_multiply.png in Resources */ = {isa = PBXBuildFile; fileRef = 5AC92AA61E8519F300879CBF /* post_multiply.png */; };
		5AC92ADF1E8519F300879CBF /* post_multiply@2x.png in Resources */ = {isa = PBXBuildFile; fileRef = 5AC92AA71E8519F300879CBF /* post_multiply@2x.png */; };
		5AC92AE01E8519F300879CBF /* post_multiply@3x.png in Resources */ = {isa = PBXBuildFile; fileRef = 5AC92AA81E8519F300879CBF /* post_multiply@3x.png */; };
		5AC92AE11E8519F300879CBF /* post_share.png in Resources */ = {isa = PBXBuildFile; fileRef = 5AC92AA91E8519F300879CBF /* post_share.png */; };
		5AC92AE21E8519F300879CBF /* post_share@2x.png in Resources */ = {isa = PBXBuildFile; fileRef = 5AC92AAA1E8519F300879CBF /* post_share@2x.png */; };
		5AC92AE31E8519F300879CBF /* post_share@3x.png in Resources */ = {isa = PBXBuildFile; fileRef = 5AC92AAB1E8519F300879CBF /* post_share@3x.png */; };
		5AC92AE41E8519F300879CBF /* post_text.png in Resources */ = {isa = PBXBuildFile; fileRef = 5AC92AAC1E8519F300879CBF /* post_text.png */; };
		5AC92AE51E8519F300879CBF /* post_text@2x.png in Resources */ = {isa = PBXBuildFile; fileRef = 5AC92AAD1E8519F300879CBF /* post_text@2x.png */; };
		5AC92AE61E8519F300879CBF /* shareImage.png in Resources */ = {isa = PBXBuildFile; fileRef = 5AC92AAE1E8519F300879CBF /* shareImage.png */; };
		5AC92AE71E8519F300879CBF /* shareImage@2x.png in Resources */ = {isa = PBXBuildFile; fileRef = 5AC92AAF1E8519F300879CBF /* shareImage@2x.png */; };
		5AC92AE81E8519F300879CBF /* shareImage@3x.png in Resources */ = {isa = PBXBuildFile; fileRef = 5AC92AB01E8519F300879CBF /* shareImage@3x.png */; };
		5AC92AE91E8519F300879CBF /* twitter.png in Resources */ = {isa = PBXBuildFile; fileRef = 5AC92AB11E8519F300879CBF /* twitter.png */; };
		5AC92AEA1E8519F300879CBF /* twitter@2x.png in Resources */ = {isa = PBXBuildFile; fileRef = 5AC92AB21E8519F300879CBF /* twitter@2x.png */; };
		5AC92AEB1E8519F300879CBF /* twitter@3x.png in Resources */ = {isa = PBXBuildFile; fileRef = 5AC92AB31E8519F300879CBF /* twitter@3x.png */; };
		5AC92AEC1E8519F300879CBF /* whats-app.png in Resources */ = {isa = PBXBuildFile; fileRef = 5AC92AB41E8519F300879CBF /* whats-app.png */; };
		5AC92AED1E8519F300879CBF /* whats-app@2x.png in Resources */ = {isa = PBXBuildFile; fileRef = 5AC92AB51E8519F300879CBF /* whats-app@2x.png */; };
		5AC92AEE1E8519F300879CBF /* whats-app@3x.png in Resources */ = {isa = PBXBuildFile; fileRef = 5AC92AB61E8519F300879CBF /* whats-app@3x.png */; };
		5AD94CA21E8A4E810013E725 /* UIView+Toast.h in Headers */ = {isa = PBXBuildFile; fileRef = 5AD94CA01E8A4E810013E725 /* UIView+Toast.h */; };
		5AD94CA31E8A4E810013E725 /* UIView+Toast.m in Sources */ = {isa = PBXBuildFile; fileRef = 5AD94CA11E8A4E810013E725 /* UIView+Toast.m */; };
		5AD94CA61E8A4E8E0013E725 /* CoreContext.h in Headers */ = {isa = PBXBuildFile; fileRef = 5AD94CA41E8A4E8E0013E725 /* CoreContext.h */; };
		5AD94CA71E8A4E8E0013E725 /* CoreContext.m in Sources */ = {isa = PBXBuildFile; fileRef = 5AD94CA51E8A4E8E0013E725 /* CoreContext.m */; };
		5AD94CB11E8A4EA50013E725 /* MUOPagingPostsController.h in Headers */ = {isa = PBXBuildFile; fileRef = 5AD94CA91E8A4EA50013E725 /* MUOPagingPostsController.h */; };
		5AD94CB21E8A4EA50013E725 /* MUOPagingPostsController.m in Sources */ = {isa = PBXBuildFile; fileRef = 5AD94CAA1E8A4EA50013E725 /* MUOPagingPostsController.m */; };
		5AD94CB31E8A4EA50013E725 /* MUOPostContentViewController.h in Headers */ = {isa = PBXBuildFile; fileRef = 5AD94CAB1E8A4EA50013E725 /* MUOPostContentViewController.h */; };
		5AD94CB41E8A4EA50013E725 /* MUOPostContentViewController.m in Sources */ = {isa = PBXBuildFile; fileRef = 5AD94CAC1E8A4EA50013E725 /* MUOPostContentViewController.m */; };
		5AD94CB51E8A4EA50013E725 /* PostScrollListener.h in Headers */ = {isa = PBXBuildFile; fileRef = 5AD94CAD1E8A4EA50013E725 /* PostScrollListener.h */; };
		5AD94CB61E8A4EA50013E725 /* PostScrollListener.m in Sources */ = {isa = PBXBuildFile; fileRef = 5AD94CAE1E8A4EA50013E725 /* PostScrollListener.m */; };
		5AD94CB71E8A4EA50013E725 /* BasePostsViewController.h in Headers */ = {isa = PBXBuildFile; fileRef = 5AD94CAF1E8A4EA50013E725 /* BasePostsViewController.h */; };
		5AD94CB81E8A4EA50013E725 /* BasePostsViewController.m in Sources */ = {isa = PBXBuildFile; fileRef = 5AD94CB01E8A4EA50013E725 /* BasePostsViewController.m */; };
		5AD94CC61E8A4EB60013E725 /* MUOSavesManager.h in Headers */ = {isa = PBXBuildFile; fileRef = 5AD94CBA1E8A4EB60013E725 /* MUOSavesManager.h */; };
		5AD94CC71E8A4EB60013E725 /* MUOSavesManager.m in Sources */ = {isa = PBXBuildFile; fileRef = 5AD94CBB1E8A4EB60013E725 /* MUOSavesManager.m */; };
		5AD94CC81E8A4EB60013E725 /* MUODownloadPool.h in Headers */ = {isa = PBXBuildFile; fileRef = 5AD94CBC1E8A4EB60013E725 /* MUODownloadPool.h */; };
		5AD94CC91E8A4EB60013E725 /* MUODownloadPool.m in Sources */ = {isa = PBXBuildFile; fileRef = 5AD94CBD1E8A4EB60013E725 /* MUODownloadPool.m */; };
		5AD94CCA1E8A4EB60013E725 /* MUOFileCache.h in Headers */ = {isa = PBXBuildFile; fileRef = 5AD94CBE1E8A4EB60013E725 /* MUOFileCache.h */; };
		5AD94CCB1E8A4EB60013E725 /* MUOFileCache.m in Sources */ = {isa = PBXBuildFile; fileRef = 5AD94CBF1E8A4EB60013E725 /* MUOFileCache.m */; };
		5AD94CCC1E8A4EB60013E725 /* LikesManager.h in Headers */ = {isa = PBXBuildFile; fileRef = 5AD94CC01E8A4EB60013E725 /* LikesManager.h */; };
		5AD94CCD1E8A4EB60013E725 /* LikesManager.m in Sources */ = {isa = PBXBuildFile; fileRef = 5AD94CC11E8A4EB60013E725 /* LikesManager.m */; };
		5AD94CCE1E8A4EB60013E725 /* ExternalLinksHandler.h in Headers */ = {isa = PBXBuildFile; fileRef = 5AD94CC21E8A4EB60013E725 /* ExternalLinksHandler.h */; };
		5AD94CCF1E8A4EB60013E725 /* ExternalLinksHandler.m in Sources */ = {isa = PBXBuildFile; fileRef = 5AD94CC31E8A4EB60013E725 /* ExternalLinksHandler.m */; };
		5AD94CD01E8A4EB60013E725 /* ShareHelper.h in Headers */ = {isa = PBXBuildFile; fileRef = 5AD94CC41E8A4EB60013E725 /* ShareHelper.h */; };
		5AD94CD11E8A4EB60013E725 /* ShareHelper.m in Sources */ = {isa = PBXBuildFile; fileRef = 5AD94CC51E8A4EB60013E725 /* ShareHelper.m */; };
		5AD94CDC1E8A4EDD0013E725 /* BookmarksRequestManager.h in Headers */ = {isa = PBXBuildFile; fileRef = 5AD94CD31E8A4EDD0013E725 /* BookmarksRequestManager.h */; };
		5AD94CDD1E8A4EDD0013E725 /* BookmarksRequestManager.m in Sources */ = {isa = PBXBuildFile; fileRef = 5AD94CD41E8A4EDD0013E725 /* BookmarksRequestManager.m */; };
		5AD94CDE1E8A4EDD0013E725 /* SessionManagerSetupProvider.h in Headers */ = {isa = PBXBuildFile; fileRef = 5AD94CD51E8A4EDD0013E725 /* SessionManagerSetupProvider.h */; };
		5AD94CDF1E8A4EDD0013E725 /* PostsSessionManager.h in Headers */ = {isa = PBXBuildFile; fileRef = 5AD94CD61E8A4EDD0013E725 /* PostsSessionManager.h */; };
		5AD94CE01E8A4EDD0013E725 /* PostsSessionManager.m in Sources */ = {isa = PBXBuildFile; fileRef = 5AD94CD71E8A4EDD0013E725 /* PostsSessionManager.m */; };
		5AD94CE11E8A4EDD0013E725 /* PublisherAppSetupProvider.h in Headers */ = {isa = PBXBuildFile; fileRef = 5AD94CD81E8A4EDD0013E725 /* PublisherAppSetupProvider.h */; };
		5AD94CE21E8A4EDD0013E725 /* PublisherAppSetupProvider.m in Sources */ = {isa = PBXBuildFile; fileRef = 5AD94CD91E8A4EDD0013E725 /* PublisherAppSetupProvider.m */; };
		5AD94CE31E8A4EDD0013E725 /* PostsRequestsManager.h in Headers */ = {isa = PBXBuildFile; fileRef = 5AD94CDA1E8A4EDD0013E725 /* PostsRequestsManager.h */; };
		5AD94CE41E8A4EDD0013E725 /* PostsRequestsManager.m in Sources */ = {isa = PBXBuildFile; fileRef = 5AD94CDB1E8A4EDD0013E725 /* PostsRequestsManager.m */; };
		5AD94CEE1E8A4EF40013E725 /* MUOHtmlEditor.h in Headers */ = {isa = PBXBuildFile; fileRef = 5AD94CE61E8A4EF40013E725 /* MUOHtmlEditor.h */; };
		5AD94CEF1E8A4EF40013E725 /* MUOHtmlEditor.m in Sources */ = {isa = PBXBuildFile; fileRef = 5AD94CE71E8A4EF40013E725 /* MUOHtmlEditor.m */; };
		5AD94CF01E8A4EF40013E725 /* NSString+MUO.h in Headers */ = {isa = PBXBuildFile; fileRef = 5AD94CE81E8A4EF40013E725 /* NSString+MUO.h */; };
		5AD94CF11E8A4EF40013E725 /* NSString+MUO.m in Sources */ = {isa = PBXBuildFile; fileRef = 5AD94CE91E8A4EF40013E725 /* NSString+MUO.m */; };
		5AD94CF21E8A4EF40013E725 /* UIImage+MUO.h in Headers */ = {isa = PBXBuildFile; fileRef = 5AD94CEA1E8A4EF40013E725 /* UIImage+MUO.h */; };
		5AD94CF31E8A4EF40013E725 /* UIImage+MUO.m in Sources */ = {isa = PBXBuildFile; fileRef = 5AD94CEB1E8A4EF40013E725 /* UIImage+MUO.m */; };
		5AD94CF41E8A4EF40013E725 /* SDWebImagePrefetcher+MUO.h in Headers */ = {isa = PBXBuildFile; fileRef = 5AD94CEC1E8A4EF40013E725 /* SDWebImagePrefetcher+MUO.h */; };
		5AD94CF51E8A4EF40013E725 /* SDWebImagePrefetcher+MUO.m in Sources */ = {isa = PBXBuildFile; fileRef = 5AD94CED1E8A4EF40013E725 /* SDWebImagePrefetcher+MUO.m */; };
		5AD94D041E8A4F090013E725 /* FontSelectorView.h in Headers */ = {isa = PBXBuildFile; fileRef = 5AD94CF71E8A4F090013E725 /* FontSelectorView.h */; };
		5AD94D051E8A4F090013E725 /* FontSelectorView.m in Sources */ = {isa = PBXBuildFile; fileRef = 5AD94CF81E8A4F090013E725 /* FontSelectorView.m */; };
		5AD94D061E8A4F090013E725 /* MUOGalleryViewController.h in Headers */ = {isa = PBXBuildFile; fileRef = 5AD94CF91E8A4F090013E725 /* MUOGalleryViewController.h */; };
		5AD94D071E8A4F090013E725 /* MUOGalleryViewController.m in Sources */ = {isa = PBXBuildFile; fileRef = 5AD94CFA1E8A4F090013E725 /* MUOGalleryViewController.m */; };
		5AD94D081E8A4F090013E725 /* MUOScrollingImageView.h in Headers */ = {isa = PBXBuildFile; fileRef = 5AD94CFB1E8A4F090013E725 /* MUOScrollingImageView.h */; };
		5AD94D091E8A4F090013E725 /* MUOScrollingImageView.m in Sources */ = {isa = PBXBuildFile; fileRef = 5AD94CFC1E8A4F090013E725 /* MUOScrollingImageView.m */; };
		5AD94D0A1E8A4F090013E725 /* LargePostCollectionViewCell.xib in Resources */ = {isa = PBXBuildFile; fileRef = 5AD94CFD1E8A4F090013E725 /* LargePostCollectionViewCell.xib */; };
		5AD94D0B1E8A4F090013E725 /* SmallPostCollectionViewCell.xib in Resources */ = {isa = PBXBuildFile; fileRef = 5AD94CFE1E8A4F090013E725 /* SmallPostCollectionViewCell.xib */; };
		5AD94D0C1E8A4F090013E725 /* SmallPostCollectionViewCell.h in Headers */ = {isa = PBXBuildFile; fileRef = 5AD94CFF1E8A4F090013E725 /* SmallPostCollectionViewCell.h */; };
		5AD94D0D1E8A4F090013E725 /* SmallPostCollectionViewCell.m in Sources */ = {isa = PBXBuildFile; fileRef = 5AD94D001E8A4F090013E725 /* SmallPostCollectionViewCell.m */; };
		5AD94D0E1E8A4F090013E725 /* LargePostCollectionViewCell.h in Headers */ = {isa = PBXBuildFile; fileRef = 5AD94D011E8A4F090013E725 /* LargePostCollectionViewCell.h */; };
		5AD94D0F1E8A4F090013E725 /* LargePostCollectionViewCell.m in Sources */ = {isa = PBXBuildFile; fileRef = 5AD94D021E8A4F090013E725 /* LargePostCollectionViewCell.m */; };
		5AD94D101E8A4F090013E725 /* PostRepresentable.h in Headers */ = {isa = PBXBuildFile; fileRef = 5AD94D031E8A4F090013E725 /* PostRepresentable.h */; };
		5AD94D171E8A4F2B0013E725 /* MUOPostContentViewModel.h in Headers */ = {isa = PBXBuildFile; fileRef = 5AD94D131E8A4F2B0013E725 /* MUOPostContentViewModel.h */; };
		5AD94D181E8A4F2B0013E725 /* MUOPostContentViewModel.m in Sources */ = {isa = PBXBuildFile; fileRef = 5AD94D141E8A4F2B0013E725 /* MUOPostContentViewModel.m */; };
		5AD94D191E8A4F2B0013E725 /* PostsViewModel.h in Headers */ = {isa = PBXBuildFile; fileRef = 5AD94D151E8A4F2B0013E725 /* PostsViewModel.h */; };
		5AD94D1A1E8A4F2B0013E725 /* PostsViewModel.m in Sources */ = {isa = PBXBuildFile; fileRef = 5AD94D161E8A4F2B0013E725 /* PostsViewModel.m */; };
		5AD94D221E8A4F410013E725 /* ReaderSettings.h in Headers */ = {isa = PBXBuildFile; fileRef = 5AD94D1C1E8A4F410013E725 /* ReaderSettings.h */; };
		5AD94D231E8A4F410013E725 /* ReaderSettings.m in Sources */ = {isa = PBXBuildFile; fileRef = 5AD94D1D1E8A4F410013E725 /* ReaderSettings.m */; };
		5AD94D241E8A4F410013E725 /* MUOSavedPost.h in Headers */ = {isa = PBXBuildFile; fileRef = 5AD94D1E1E8A4F410013E725 /* MUOSavedPost.h */; };
		5AD94D251E8A4F410013E725 /* MUOSavedPost.m in Sources */ = {isa = PBXBuildFile; fileRef = 5AD94D1F1E8A4F410013E725 /* MUOSavedPost.m */; };
		5AD94D261E8A4F410013E725 /* Post.h in Headers */ = {isa = PBXBuildFile; fileRef = 5AD94D201E8A4F410013E725 /* Post.h */; };
		5AD94D271E8A4F410013E725 /* Post.m in Sources */ = {isa = PBXBuildFile; fileRef = 5AD94D211E8A4F410013E725 /* Post.m */; };
		5AD94D371E8B9C810013E725 /* PublisherApp.storyboard in Resources */ = {isa = PBXBuildFile; fileRef = 5AD94D361E8B9C810013E725 /* PublisherApp.storyboard */; };
		5AD94D3A1E8B9C9F0013E725 /* NavigationRouter.h in Headers */ = {isa = PBXBuildFile; fileRef = 5AD94D381E8B9C9F0013E725 /* NavigationRouter.h */; };
		5AD94D3B1E8B9C9F0013E725 /* NavigationRouter.m in Sources */ = {isa = PBXBuildFile; fileRef = 5AD94D391E8B9C9F0013E725 /* NavigationRouter.m */; };
		5AD94D3D1E8B9CAB0013E725 /* PostTableViewCell.xib in Resources */ = {isa = PBXBuildFile; fileRef = 5AD94D3C1E8B9CAB0013E725 /* PostTableViewCell.xib */; };
		5AD94D401E8B9CB90013E725 /* PostTableViewCell.h in Headers */ = {isa = PBXBuildFile; fileRef = 5AD94D3E1E8B9CB90013E725 /* PostTableViewCell.h */; };
		5AD94D411E8B9CB90013E725 /* PostTableViewCell.m in Sources */ = {isa = PBXBuildFile; fileRef = 5AD94D3F1E8B9CB90013E725 /* PostTableViewCell.m */; };
		5AD94D441E8B9CCE0013E725 /* SavesViewModel.h in Headers */ = {isa = PBXBuildFile; fileRef = 5AD94D421E8B9CCE0013E725 /* SavesViewModel.h */; };
		5AD94D451E8B9CCE0013E725 /* SavesViewModel.m in Sources */ = {isa = PBXBuildFile; fileRef = 5AD94D431E8B9CCE0013E725 /* SavesViewModel.m */; };
		5AD94D481E8B9CF90013E725 /* MUOSavesViewController.h in Headers */ = {isa = PBXBuildFile; fileRef = 5AD94D461E8B9CF90013E725 /* MUOSavesViewController.h */; };
		5AD94D491E8B9CF90013E725 /* MUOSavesViewController.m in Sources */ = {isa = PBXBuildFile; fileRef = 5AD94D471E8B9CF90013E725 /* MUOSavesViewController.m */; };
/* End PBXBuildFile section */

/* Begin PBXFileReference section */
		581121547B8A67E80DDD7EF2 /* Pods_PublisherApp.framework */ = {isa = PBXFileReference; explicitFileType = wrapper.framework; includeInIndex = 0; path = Pods_PublisherApp.framework; sourceTree = BUILT_PRODUCTS_DIR; };
		5A797F391E6841F900E684ED /* PublisherApp.framework */ = {isa = PBXFileReference; explicitFileType = wrapper.framework; includeInIndex = 0; path = PublisherApp.framework; sourceTree = BUILT_PRODUCTS_DIR; };
		5A797F3D1E6841F900E684ED /* Info.plist */ = {isa = PBXFileReference; lastKnownFileType = text.plist.xml; path = Info.plist; sourceTree = "<group>"; };
		5A79807C1E68803700E684ED /* PublisherApp.h */ = {isa = PBXFileReference; fileEncoding = 4; lastKnownFileType = sourcecode.c.h; name = PublisherApp.h; path = Source/PublisherApp.h; sourceTree = "<group>"; };
		5A850ADB1EDC0C9C00552EA6 /* en */ = {isa = PBXFileReference; lastKnownFileType = text.plist.strings; name = en; path = en.lproj/Localizable.strings; sourceTree = "<group>"; };
		5A850ADD1EDC0CB600552EA6 /* ru */ = {isa = PBXFileReference; lastKnownFileType = text.plist.strings; name = ru; path = ru.lproj/Localizable.strings; sourceTree = "<group>"; };
		5AC92A791E8519DA00879CBF /* LargePostCollectionViewCell.xib */ = {isa = PBXFileReference; fileEncoding = 4; lastKnownFileType = file.xib; path = LargePostCollectionViewCell.xib; sourceTree = "<group>"; };
		5AC92A7B1E8519DA00879CBF /* SmallPostCollectionViewCell.xib */ = {isa = PBXFileReference; fileEncoding = 4; lastKnownFileType = file.xib; path = SmallPostCollectionViewCell.xib; sourceTree = "<group>"; };
		5AC92A7F1E8519F200879CBF /* bookmark-active.png */ = {isa = PBXFileReference; lastKnownFileType = image.png; path = "bookmark-active.png"; sourceTree = "<group>"; };
		5AC92A801E8519F200879CBF /* bookmark-active@2x.png */ = {isa = PBXFileReference; lastKnownFileType = image.png; path = "bookmark-active@2x.png"; sourceTree = "<group>"; };
		5AC92A811E8519F200879CBF /* bookmark-active@3x.png */ = {isa = PBXFileReference; lastKnownFileType = image.png; path = "bookmark-active@3x.png"; sourceTree = "<group>"; };
		5AC92A821E8519F200879CBF /* closeButtonX.png */ = {isa = PBXFileReference; lastKnownFileType = image.png; path = closeButtonX.png; sourceTree = "<group>"; };
		5AC92A831E8519F200879CBF /* closeButtonX@2x.png */ = {isa = PBXFileReference; lastKnownFileType = image.png; path = "closeButtonX@2x.png"; sourceTree = "<group>"; };
		5AC92A841E8519F200879CBF /* closeButtonX@3x.png */ = {isa = PBXFileReference; lastKnownFileType = image.png; path = "closeButtonX@3x.png"; sourceTree = "<group>"; };
		5AC92A851E8519F200879CBF /* facebook.png */ = {isa = PBXFileReference; lastKnownFileType = image.png; path = facebook.png; sourceTree = "<group>"; };
		5AC92A861E8519F200879CBF /* facebook@2x.png */ = {isa = PBXFileReference; lastKnownFileType = image.png; path = "facebook@2x.png"; sourceTree = "<group>"; };
		5AC92A871E8519F200879CBF /* facebook@3x.png */ = {isa = PBXFileReference; lastKnownFileType = image.png; path = "facebook@3x.png"; sourceTree = "<group>"; };
		5AC92A881E8519F200879CBF /* Knob.png */ = {isa = PBXFileReference; lastKnownFileType = image.png; path = Knob.png; sourceTree = "<group>"; };
		5AC92A891E8519F200879CBF /* Knob@2x.png */ = {isa = PBXFileReference; lastKnownFileType = image.png; path = "Knob@2x.png"; sourceTree = "<group>"; };
		5AC92A8A1E8519F200879CBF /* Knob@3x.png */ = {isa = PBXFileReference; lastKnownFileType = image.png; path = "Knob@3x.png"; sourceTree = "<group>"; };
		5AC92A8B1E8519F200879CBF /* Like-active-white.png */ = {isa = PBXFileReference; lastKnownFileType = image.png; path = "Like-active-white.png"; sourceTree = "<group>"; };
		5AC92A8C1E8519F200879CBF /* Like-active-white@2x.png */ = {isa = PBXFileReference; lastKnownFileType = image.png; path = "Like-active-white@2x.png"; sourceTree = "<group>"; };
		5AC92A8D1E8519F200879CBF /* Like-active-white@3x.png */ = {isa = PBXFileReference; lastKnownFileType = image.png; path = "Like-active-white@3x.png"; sourceTree = "<group>"; };
		5AC92A8E1E8519F200879CBF /* Like-active.png */ = {isa = PBXFileReference; lastKnownFileType = image.png; path = "Like-active.png"; sourceTree = "<group>"; };
		5AC92A8F1E8519F200879CBF /* Like-active@2x.png */ = {isa = PBXFileReference; lastKnownFileType = image.png; path = "Like-active@2x.png"; sourceTree = "<group>"; };
		5AC92A901E8519F200879CBF /* Like-active@3x.png */ = {isa = PBXFileReference; lastKnownFileType = image.png; path = "Like-active@3x.png"; sourceTree = "<group>"; };
		5AC92A911E8519F200879CBF /* Like-white.png */ = {isa = PBXFileReference; lastKnownFileType = image.png; path = "Like-white.png"; sourceTree = "<group>"; };
		5AC92A921E8519F300879CBF /* Like-white@2x.png */ = {isa = PBXFileReference; lastKnownFileType = image.png; path = "Like-white@2x.png"; sourceTree = "<group>"; };
		5AC92A931E8519F300879CBF /* Like-white@3x.png */ = {isa = PBXFileReference; lastKnownFileType = image.png; path = "Like-white@3x.png"; sourceTree = "<group>"; };
		5AC92A941E8519F300879CBF /* Like.png */ = {isa = PBXFileReference; lastKnownFileType = image.png; path = Like.png; sourceTree = "<group>"; };
		5AC92A951E8519F300879CBF /* Like@2x.png */ = {isa = PBXFileReference; lastKnownFileType = image.png; path = "Like@2x.png"; sourceTree = "<group>"; };
		5AC92A961E8519F300879CBF /* Like@3x.png */ = {isa = PBXFileReference; lastKnownFileType = image.png; path = "Like@3x.png"; sourceTree = "<group>"; };
		5AC92A971E8519F300879CBF /* messenger.png */ = {isa = PBXFileReference; lastKnownFileType = image.png; path = messenger.png; sourceTree = "<group>"; };
		5AC92A981E8519F300879CBF /* messenger@2x.png */ = {isa = PBXFileReference; lastKnownFileType = image.png; path = "messenger@2x.png"; sourceTree = "<group>"; };
		5AC92A991E8519F300879CBF /* messenger@3x.png */ = {isa = PBXFileReference; lastKnownFileType = image.png; path = "messenger@3x.png"; sourceTree = "<group>"; };
		5AC92A9A1E8519F300879CBF /* navbar_white.png */ = {isa = PBXFileReference; lastKnownFileType = image.png; path = navbar_white.png; sourceTree = "<group>"; };
		5AC92A9B1E8519F300879CBF /* navbar_white@2x.png */ = {isa = PBXFileReference; lastKnownFileType = image.png; path = "navbar_white@2x.png"; sourceTree = "<group>"; };
		5AC92A9C1E8519F300879CBF /* navbar_white@3x.png */ = {isa = PBXFileReference; lastKnownFileType = image.png; path = "navbar_white@3x.png"; sourceTree = "<group>"; };
		5AC92A9D1E8519F300879CBF /* post_back.png */ = {isa = PBXFileReference; lastKnownFileType = image.png; path = post_back.png; sourceTree = "<group>"; };
		5AC92A9E1E8519F300879CBF /* post_back@2x.png */ = {isa = PBXFileReference; lastKnownFileType = image.png; path = "post_back@2x.png"; sourceTree = "<group>"; };
		5AC92A9F1E8519F300879CBF /* post_back@3x.png */ = {isa = PBXFileReference; lastKnownFileType = image.png; path = "post_back@3x.png"; sourceTree = "<group>"; };
		5AC92AA01E8519F300879CBF /* post_bookmark.png */ = {isa = PBXFileReference; lastKnownFileType = image.png; path = post_bookmark.png; sourceTree = "<group>"; };
		5AC92AA11E8519F300879CBF /* post_bookmark@2x.png */ = {isa = PBXFileReference; lastKnownFileType = image.png; path = "post_bookmark@2x.png"; sourceTree = "<group>"; };
		5AC92AA21E8519F300879CBF /* post_bookmark@3x.png */ = {isa = PBXFileReference; lastKnownFileType = image.png; path = "post_bookmark@3x.png"; sourceTree = "<group>"; };
		5AC92AA31E8519F300879CBF /* post_like.png */ = {isa = PBXFileReference; lastKnownFileType = image.png; path = post_like.png; sourceTree = "<group>"; };
		5AC92AA41E8519F300879CBF /* post_like@2x.png */ = {isa = PBXFileReference; lastKnownFileType = image.png; path = "post_like@2x.png"; sourceTree = "<group>"; };
		5AC92AA51E8519F300879CBF /* post_like@3x.png */ = {isa = PBXFileReference; lastKnownFileType = image.png; path = "post_like@3x.png"; sourceTree = "<group>"; };
		5AC92AA61E8519F300879CBF /* post_multiply.png */ = {isa = PBXFileReference; lastKnownFileType = image.png; path = post_multiply.png; sourceTree = "<group>"; };
		5AC92AA71E8519F300879CBF /* post_multiply@2x.png */ = {isa = PBXFileReference; lastKnownFileType = image.png; path = "post_multiply@2x.png"; sourceTree = "<group>"; };
		5AC92AA81E8519F300879CBF /* post_multiply@3x.png */ = {isa = PBXFileReference; lastKnownFileType = image.png; path = "post_multiply@3x.png"; sourceTree = "<group>"; };
		5AC92AA91E8519F300879CBF /* post_share.png */ = {isa = PBXFileReference; lastKnownFileType = image.png; path = post_share.png; sourceTree = "<group>"; };
		5AC92AAA1E8519F300879CBF /* post_share@2x.png */ = {isa = PBXFileReference; lastKnownFileType = image.png; path = "post_share@2x.png"; sourceTree = "<group>"; };
		5AC92AAB1E8519F300879CBF /* post_share@3x.png */ = {isa = PBXFileReference; lastKnownFileType = image.png; path = "post_share@3x.png"; sourceTree = "<group>"; };
		5AC92AAC1E8519F300879CBF /* post_text.png */ = {isa = PBXFileReference; lastKnownFileType = image.png; path = post_text.png; sourceTree = "<group>"; };
		5AC92AAD1E8519F300879CBF /* post_text@2x.png */ = {isa = PBXFileReference; lastKnownFileType = image.png; path = "post_text@2x.png"; sourceTree = "<group>"; };
		5AC92AAE1E8519F300879CBF /* shareImage.png */ = {isa = PBXFileReference; lastKnownFileType = image.png; path = shareImage.png; sourceTree = "<group>"; };
		5AC92AAF1E8519F300879CBF /* shareImage@2x.png */ = {isa = PBXFileReference; lastKnownFileType = image.png; path = "shareImage@2x.png"; sourceTree = "<group>"; };
		5AC92AB01E8519F300879CBF /* shareImage@3x.png */ = {isa = PBXFileReference; lastKnownFileType = image.png; path = "shareImage@3x.png"; sourceTree = "<group>"; };
		5AC92AB11E8519F300879CBF /* twitter.png */ = {isa = PBXFileReference; lastKnownFileType = image.png; path = twitter.png; sourceTree = "<group>"; };
		5AC92AB21E8519F300879CBF /* twitter@2x.png */ = {isa = PBXFileReference; lastKnownFileType = image.png; path = "twitter@2x.png"; sourceTree = "<group>"; };
		5AC92AB31E8519F300879CBF /* twitter@3x.png */ = {isa = PBXFileReference; lastKnownFileType = image.png; path = "twitter@3x.png"; sourceTree = "<group>"; };
		5AC92AB41E8519F300879CBF /* whats-app.png */ = {isa = PBXFileReference; lastKnownFileType = image.png; path = "whats-app.png"; sourceTree = "<group>"; };
		5AC92AB51E8519F300879CBF /* whats-app@2x.png */ = {isa = PBXFileReference; lastKnownFileType = image.png; path = "whats-app@2x.png"; sourceTree = "<group>"; };
		5AC92AB61E8519F300879CBF /* whats-app@3x.png */ = {isa = PBXFileReference; lastKnownFileType = image.png; path = "whats-app@3x.png"; sourceTree = "<group>"; };
		5AD94CA01E8A4E810013E725 /* UIView+Toast.h */ = {isa = PBXFileReference; fileEncoding = 4; lastKnownFileType = sourcecode.c.h; path = "UIView+Toast.h"; sourceTree = "<group>"; };
		5AD94CA11E8A4E810013E725 /* UIView+Toast.m */ = {isa = PBXFileReference; fileEncoding = 4; lastKnownFileType = sourcecode.c.objc; path = "UIView+Toast.m"; sourceTree = "<group>"; };
		5AD94CA41E8A4E8E0013E725 /* CoreContext.h */ = {isa = PBXFileReference; fileEncoding = 4; lastKnownFileType = sourcecode.c.h; path = CoreContext.h; sourceTree = "<group>"; };
		5AD94CA51E8A4E8E0013E725 /* CoreContext.m */ = {isa = PBXFileReference; fileEncoding = 4; lastKnownFileType = sourcecode.c.objc; path = CoreContext.m; sourceTree = "<group>"; };
		5AD94CA91E8A4EA50013E725 /* MUOPagingPostsController.h */ = {isa = PBXFileReference; fileEncoding = 4; lastKnownFileType = sourcecode.c.h; path = MUOPagingPostsController.h; sourceTree = "<group>"; };
		5AD94CAA1E8A4EA50013E725 /* MUOPagingPostsController.m */ = {isa = PBXFileReference; fileEncoding = 4; lastKnownFileType = sourcecode.c.objc; path = MUOPagingPostsController.m; sourceTree = "<group>"; };
		5AD94CAB1E8A4EA50013E725 /* MUOPostContentViewController.h */ = {isa = PBXFileReference; fileEncoding = 4; lastKnownFileType = sourcecode.c.h; path = MUOPostContentViewController.h; sourceTree = "<group>"; };
		5AD94CAC1E8A4EA50013E725 /* MUOPostContentViewController.m */ = {isa = PBXFileReference; fileEncoding = 4; lastKnownFileType = sourcecode.c.objc; path = MUOPostContentViewController.m; sourceTree = "<group>"; };
		5AD94CAD1E8A4EA50013E725 /* PostScrollListener.h */ = {isa = PBXFileReference; fileEncoding = 4; lastKnownFileType = sourcecode.c.h; path = PostScrollListener.h; sourceTree = "<group>"; };
		5AD94CAE1E8A4EA50013E725 /* PostScrollListener.m */ = {isa = PBXFileReference; fileEncoding = 4; lastKnownFileType = sourcecode.c.objc; path = PostScrollListener.m; sourceTree = "<group>"; };
		5AD94CAF1E8A4EA50013E725 /* BasePostsViewController.h */ = {isa = PBXFileReference; fileEncoding = 4; lastKnownFileType = sourcecode.c.h; path = BasePostsViewController.h; sourceTree = "<group>"; };
		5AD94CB01E8A4EA50013E725 /* BasePostsViewController.m */ = {isa = PBXFileReference; fileEncoding = 4; lastKnownFileType = sourcecode.c.objc; path = BasePostsViewController.m; sourceTree = "<group>"; };
		5AD94CBA1E8A4EB60013E725 /* MUOSavesManager.h */ = {isa = PBXFileReference; fileEncoding = 4; lastKnownFileType = sourcecode.c.h; path = MUOSavesManager.h; sourceTree = "<group>"; };
		5AD94CBB1E8A4EB60013E725 /* MUOSavesManager.m */ = {isa = PBXFileReference; fileEncoding = 4; lastKnownFileType = sourcecode.c.objc; path = MUOSavesManager.m; sourceTree = "<group>"; };
		5AD94CBC1E8A4EB60013E725 /* MUODownloadPool.h */ = {isa = PBXFileReference; fileEncoding = 4; lastKnownFileType = sourcecode.c.h; path = MUODownloadPool.h; sourceTree = "<group>"; };
		5AD94CBD1E8A4EB60013E725 /* MUODownloadPool.m */ = {isa = PBXFileReference; fileEncoding = 4; lastKnownFileType = sourcecode.c.objc; path = MUODownloadPool.m; sourceTree = "<group>"; };
		5AD94CBE1E8A4EB60013E725 /* MUOFileCache.h */ = {isa = PBXFileReference; fileEncoding = 4; lastKnownFileType = sourcecode.c.h; path = MUOFileCache.h; sourceTree = "<group>"; };
		5AD94CBF1E8A4EB60013E725 /* MUOFileCache.m */ = {isa = PBXFileReference; fileEncoding = 4; lastKnownFileType = sourcecode.c.objc; path = MUOFileCache.m; sourceTree = "<group>"; };
		5AD94CC01E8A4EB60013E725 /* LikesManager.h */ = {isa = PBXFileReference; fileEncoding = 4; lastKnownFileType = sourcecode.c.h; path = LikesManager.h; sourceTree = "<group>"; };
		5AD94CC11E8A4EB60013E725 /* LikesManager.m */ = {isa = PBXFileReference; fileEncoding = 4; lastKnownFileType = sourcecode.c.objc; path = LikesManager.m; sourceTree = "<group>"; };
		5AD94CC21E8A4EB60013E725 /* ExternalLinksHandler.h */ = {isa = PBXFileReference; fileEncoding = 4; lastKnownFileType = sourcecode.c.h; path = ExternalLinksHandler.h; sourceTree = "<group>"; };
		5AD94CC31E8A4EB60013E725 /* ExternalLinksHandler.m */ = {isa = PBXFileReference; fileEncoding = 4; lastKnownFileType = sourcecode.c.objc; path = ExternalLinksHandler.m; sourceTree = "<group>"; };
		5AD94CC41E8A4EB60013E725 /* ShareHelper.h */ = {isa = PBXFileReference; fileEncoding = 4; lastKnownFileType = sourcecode.c.h; path = ShareHelper.h; sourceTree = "<group>"; };
		5AD94CC51E8A4EB60013E725 /* ShareHelper.m */ = {isa = PBXFileReference; fileEncoding = 4; lastKnownFileType = sourcecode.c.objc; path = ShareHelper.m; sourceTree = "<group>"; };
		5AD94CD31E8A4EDD0013E725 /* BookmarksRequestManager.h */ = {isa = PBXFileReference; fileEncoding = 4; lastKnownFileType = sourcecode.c.h; path = BookmarksRequestManager.h; sourceTree = "<group>"; };
		5AD94CD41E8A4EDD0013E725 /* BookmarksRequestManager.m */ = {isa = PBXFileReference; fileEncoding = 4; lastKnownFileType = sourcecode.c.objc; path = BookmarksRequestManager.m; sourceTree = "<group>"; };
		5AD94CD51E8A4EDD0013E725 /* SessionManagerSetupProvider.h */ = {isa = PBXFileReference; fileEncoding = 4; lastKnownFileType = sourcecode.c.h; path = SessionManagerSetupProvider.h; sourceTree = "<group>"; };
		5AD94CD61E8A4EDD0013E725 /* PostsSessionManager.h */ = {isa = PBXFileReference; fileEncoding = 4; lastKnownFileType = sourcecode.c.h; path = PostsSessionManager.h; sourceTree = "<group>"; };
		5AD94CD71E8A4EDD0013E725 /* PostsSessionManager.m */ = {isa = PBXFileReference; fileEncoding = 4; lastKnownFileType = sourcecode.c.objc; path = PostsSessionManager.m; sourceTree = "<group>"; };
		5AD94CD81E8A4EDD0013E725 /* PublisherAppSetupProvider.h */ = {isa = PBXFileReference; fileEncoding = 4; lastKnownFileType = sourcecode.c.h; path = PublisherAppSetupProvider.h; sourceTree = "<group>"; };
		5AD94CD91E8A4EDD0013E725 /* PublisherAppSetupProvider.m */ = {isa = PBXFileReference; fileEncoding = 4; lastKnownFileType = sourcecode.c.objc; path = PublisherAppSetupProvider.m; sourceTree = "<group>"; };
		5AD94CDA1E8A4EDD0013E725 /* PostsRequestsManager.h */ = {isa = PBXFileReference; fileEncoding = 4; lastKnownFileType = sourcecode.c.h; path = PostsRequestsManager.h; sourceTree = "<group>"; };
		5AD94CDB1E8A4EDD0013E725 /* PostsRequestsManager.m */ = {isa = PBXFileReference; fileEncoding = 4; lastKnownFileType = sourcecode.c.objc; path = PostsRequestsManager.m; sourceTree = "<group>"; };
		5AD94CE61E8A4EF40013E725 /* MUOHtmlEditor.h */ = {isa = PBXFileReference; fileEncoding = 4; lastKnownFileType = sourcecode.c.h; path = MUOHtmlEditor.h; sourceTree = "<group>"; };
		5AD94CE71E8A4EF40013E725 /* MUOHtmlEditor.m */ = {isa = PBXFileReference; fileEncoding = 4; lastKnownFileType = sourcecode.c.objc; path = MUOHtmlEditor.m; sourceTree = "<group>"; };
		5AD94CE81E8A4EF40013E725 /* NSString+MUO.h */ = {isa = PBXFileReference; fileEncoding = 4; lastKnownFileType = sourcecode.c.h; path = "NSString+MUO.h"; sourceTree = "<group>"; };
		5AD94CE91E8A4EF40013E725 /* NSString+MUO.m */ = {isa = PBXFileReference; fileEncoding = 4; lastKnownFileType = sourcecode.c.objc; path = "NSString+MUO.m"; sourceTree = "<group>"; };
		5AD94CEA1E8A4EF40013E725 /* UIImage+MUO.h */ = {isa = PBXFileReference; fileEncoding = 4; lastKnownFileType = sourcecode.c.h; path = "UIImage+MUO.h"; sourceTree = "<group>"; };
		5AD94CEB1E8A4EF40013E725 /* UIImage+MUO.m */ = {isa = PBXFileReference; fileEncoding = 4; lastKnownFileType = sourcecode.c.objc; path = "UIImage+MUO.m"; sourceTree = "<group>"; };
		5AD94CEC1E8A4EF40013E725 /* SDWebImagePrefetcher+MUO.h */ = {isa = PBXFileReference; fileEncoding = 4; lastKnownFileType = sourcecode.c.h; path = "SDWebImagePrefetcher+MUO.h"; sourceTree = "<group>"; };
		5AD94CED1E8A4EF40013E725 /* SDWebImagePrefetcher+MUO.m */ = {isa = PBXFileReference; fileEncoding = 4; lastKnownFileType = sourcecode.c.objc; path = "SDWebImagePrefetcher+MUO.m"; sourceTree = "<group>"; };
		5AD94CF71E8A4F090013E725 /* FontSelectorView.h */ = {isa = PBXFileReference; fileEncoding = 4; lastKnownFileType = sourcecode.c.h; path = FontSelectorView.h; sourceTree = "<group>"; };
		5AD94CF81E8A4F090013E725 /* FontSelectorView.m */ = {isa = PBXFileReference; fileEncoding = 4; lastKnownFileType = sourcecode.c.objc; path = FontSelectorView.m; sourceTree = "<group>"; };
		5AD94CF91E8A4F090013E725 /* MUOGalleryViewController.h */ = {isa = PBXFileReference; fileEncoding = 4; lastKnownFileType = sourcecode.c.h; path = MUOGalleryViewController.h; sourceTree = "<group>"; };
		5AD94CFA1E8A4F090013E725 /* MUOGalleryViewController.m */ = {isa = PBXFileReference; fileEncoding = 4; lastKnownFileType = sourcecode.c.objc; path = MUOGalleryViewController.m; sourceTree = "<group>"; };
		5AD94CFB1E8A4F090013E725 /* MUOScrollingImageView.h */ = {isa = PBXFileReference; fileEncoding = 4; lastKnownFileType = sourcecode.c.h; path = MUOScrollingImageView.h; sourceTree = "<group>"; };
		5AD94CFC1E8A4F090013E725 /* MUOScrollingImageView.m */ = {isa = PBXFileReference; fileEncoding = 4; lastKnownFileType = sourcecode.c.objc; path = MUOScrollingImageView.m; sourceTree = "<group>"; };
		5AD94CFD1E8A4F090013E725 /* LargePostCollectionViewCell.xib */ = {isa = PBXFileReference; fileEncoding = 4; lastKnownFileType = file.xib; path = LargePostCollectionViewCell.xib; sourceTree = "<group>"; };
		5AD94CFE1E8A4F090013E725 /* SmallPostCollectionViewCell.xib */ = {isa = PBXFileReference; fileEncoding = 4; lastKnownFileType = file.xib; path = SmallPostCollectionViewCell.xib; sourceTree = "<group>"; };
		5AD94CFF1E8A4F090013E725 /* SmallPostCollectionViewCell.h */ = {isa = PBXFileReference; fileEncoding = 4; lastKnownFileType = sourcecode.c.h; path = SmallPostCollectionViewCell.h; sourceTree = "<group>"; };
		5AD94D001E8A4F090013E725 /* SmallPostCollectionViewCell.m */ = {isa = PBXFileReference; fileEncoding = 4; lastKnownFileType = sourcecode.c.objc; path = SmallPostCollectionViewCell.m; sourceTree = "<group>"; };
		5AD94D011E8A4F090013E725 /* LargePostCollectionViewCell.h */ = {isa = PBXFileReference; fileEncoding = 4; lastKnownFileType = sourcecode.c.h; path = LargePostCollectionViewCell.h; sourceTree = "<group>"; };
		5AD94D021E8A4F090013E725 /* LargePostCollectionViewCell.m */ = {isa = PBXFileReference; fileEncoding = 4; lastKnownFileType = sourcecode.c.objc; path = LargePostCollectionViewCell.m; sourceTree = "<group>"; };
		5AD94D031E8A4F090013E725 /* PostRepresentable.h */ = {isa = PBXFileReference; fileEncoding = 4; lastKnownFileType = sourcecode.c.h; path = PostRepresentable.h; sourceTree = "<group>"; };
		5AD94D131E8A4F2B0013E725 /* MUOPostContentViewModel.h */ = {isa = PBXFileReference; fileEncoding = 4; lastKnownFileType = sourcecode.c.h; path = MUOPostContentViewModel.h; sourceTree = "<group>"; };
		5AD94D141E8A4F2B0013E725 /* MUOPostContentViewModel.m */ = {isa = PBXFileReference; fileEncoding = 4; lastKnownFileType = sourcecode.c.objc; path = MUOPostContentViewModel.m; sourceTree = "<group>"; };
		5AD94D151E8A4F2B0013E725 /* PostsViewModel.h */ = {isa = PBXFileReference; fileEncoding = 4; lastKnownFileType = sourcecode.c.h; path = PostsViewModel.h; sourceTree = "<group>"; };
		5AD94D161E8A4F2B0013E725 /* PostsViewModel.m */ = {isa = PBXFileReference; fileEncoding = 4; lastKnownFileType = sourcecode.c.objc; path = PostsViewModel.m; sourceTree = "<group>"; };
		5AD94D1C1E8A4F410013E725 /* ReaderSettings.h */ = {isa = PBXFileReference; fileEncoding = 4; lastKnownFileType = sourcecode.c.h; path = ReaderSettings.h; sourceTree = "<group>"; };
		5AD94D1D1E8A4F410013E725 /* ReaderSettings.m */ = {isa = PBXFileReference; fileEncoding = 4; lastKnownFileType = sourcecode.c.objc; path = ReaderSettings.m; sourceTree = "<group>"; };
		5AD94D1E1E8A4F410013E725 /* MUOSavedPost.h */ = {isa = PBXFileReference; fileEncoding = 4; lastKnownFileType = sourcecode.c.h; path = MUOSavedPost.h; sourceTree = "<group>"; };
		5AD94D1F1E8A4F410013E725 /* MUOSavedPost.m */ = {isa = PBXFileReference; fileEncoding = 4; lastKnownFileType = sourcecode.c.objc; path = MUOSavedPost.m; sourceTree = "<group>"; };
		5AD94D201E8A4F410013E725 /* Post.h */ = {isa = PBXFileReference; fileEncoding = 4; lastKnownFileType = sourcecode.c.h; path = Post.h; sourceTree = "<group>"; };
		5AD94D211E8A4F410013E725 /* Post.m */ = {isa = PBXFileReference; fileEncoding = 4; lastKnownFileType = sourcecode.c.objc; path = Post.m; sourceTree = "<group>"; };
		5AD94D361E8B9C810013E725 /* PublisherApp.storyboard */ = {isa = PBXFileReference; fileEncoding = 4; lastKnownFileType = file.storyboard; path = PublisherApp.storyboard; sourceTree = "<group>"; };
		5AD94D381E8B9C9F0013E725 /* NavigationRouter.h */ = {isa = PBXFileReference; fileEncoding = 4; lastKnownFileType = sourcecode.c.h; path = NavigationRouter.h; sourceTree = "<group>"; };
		5AD94D391E8B9C9F0013E725 /* NavigationRouter.m */ = {isa = PBXFileReference; fileEncoding = 4; lastKnownFileType = sourcecode.c.objc; path = NavigationRouter.m; sourceTree = "<group>"; };
		5AD94D3C1E8B9CAB0013E725 /* PostTableViewCell.xib */ = {isa = PBXFileReference; fileEncoding = 4; lastKnownFileType = file.xib; path = PostTableViewCell.xib; sourceTree = "<group>"; };
		5AD94D3E1E8B9CB90013E725 /* PostTableViewCell.h */ = {isa = PBXFileReference; fileEncoding = 4; lastKnownFileType = sourcecode.c.h; path = PostTableViewCell.h; sourceTree = "<group>"; };
		5AD94D3F1E8B9CB90013E725 /* PostTableViewCell.m */ = {isa = PBXFileReference; fileEncoding = 4; lastKnownFileType = sourcecode.c.objc; path = PostTableViewCell.m; sourceTree = "<group>"; };
		5AD94D421E8B9CCE0013E725 /* SavesViewModel.h */ = {isa = PBXFileReference; fileEncoding = 4; lastKnownFileType = sourcecode.c.h; path = SavesViewModel.h; sourceTree = "<group>"; };
		5AD94D431E8B9CCE0013E725 /* SavesViewModel.m */ = {isa = PBXFileReference; fileEncoding = 4; lastKnownFileType = sourcecode.c.objc; path = SavesViewModel.m; sourceTree = "<group>"; };
		5AD94D461E8B9CF90013E725 /* MUOSavesViewController.h */ = {isa = PBXFileReference; fileEncoding = 4; lastKnownFileType = sourcecode.c.h; path = MUOSavesViewController.h; sourceTree = "<group>"; };
		5AD94D471E8B9CF90013E725 /* MUOSavesViewController.m */ = {isa = PBXFileReference; fileEncoding = 4; lastKnownFileType = sourcecode.c.objc; path = MUOSavesViewController.m; sourceTree = "<group>"; };
		7C093653783401FD653BA67E /* Pods-PublisherApp.debug.xcconfig */ = {isa = PBXFileReference; includeInIndex = 1; lastKnownFileType = text.xcconfig; name = "Pods-PublisherApp.debug.xcconfig"; path = "Pods/Target Support Files/Pods-PublisherApp/Pods-PublisherApp.debug.xcconfig"; sourceTree = "<group>"; };
		BFF57FE27C5190B79DFF1250 /* Pods-PublisherApp.release.xcconfig */ = {isa = PBXFileReference; includeInIndex = 1; lastKnownFileType = text.xcconfig; name = "Pods-PublisherApp.release.xcconfig"; path = "Pods/Target Support Files/Pods-PublisherApp/Pods-PublisherApp.release.xcconfig"; sourceTree = "<group>"; };
/* End PBXFileReference section */

/* Begin PBXFrameworksBuildPhase section */
		5A797F351E6841F900E684ED /* Frameworks */ = {
			isa = PBXFrameworksBuildPhase;
			buildActionMask = 2147483647;
			files = (
				158941357C33807F379C5E53 /* Pods_PublisherApp.framework in Frameworks */,
			);
			runOnlyForDeploymentPostprocessing = 0;
		};
/* End PBXFrameworksBuildPhase section */

/* Begin PBXGroup section */
		0DB88D5833EEE02BB9534DF4 /* Pods */ = {
			isa = PBXGroup;
			children = (
				7C093653783401FD653BA67E /* Pods-PublisherApp.debug.xcconfig */,
				BFF57FE27C5190B79DFF1250 /* Pods-PublisherApp.release.xcconfig */,
			);
			name = Pods;
			sourceTree = "<group>";
		};
		46AC76DA946C538F457A809F /* Frameworks */ = {
			isa = PBXGroup;
			children = (
				581121547B8A67E80DDD7EF2 /* Pods_PublisherApp.framework */,
			);
			name = Frameworks;
			sourceTree = "<group>";
		};
		5A797F2F1E6841F900E684ED = {
			isa = PBXGroup;
			children = (
				5A797F3B1E6841F900E684ED /* PublisherApp */,
				5A797F3A1E6841F900E684ED /* Products */,
				0DB88D5833EEE02BB9534DF4 /* Pods */,
				46AC76DA946C538F457A809F /* Frameworks */,
			);
			sourceTree = "<group>";
		};
		5A797F3A1E6841F900E684ED /* Products */ = {
			isa = PBXGroup;
			children = (
				5A797F391E6841F900E684ED /* PublisherApp.framework */,
			);
			name = Products;
			sourceTree = "<group>";
		};
		5A797F3B1E6841F900E684ED /* PublisherApp */ = {
			isa = PBXGroup;
			children = (
				5A79802F1E687DE000E684ED /* Source */,
				5A797FF21E687DD600E684ED /* Assets */,
				5A79807C1E68803700E684ED /* PublisherApp.h */,
				5A797F3D1E6841F900E684ED /* Info.plist */,
			);
			path = PublisherApp;
			sourceTree = "<group>";
		};
		5A797FF21E687DD600E684ED /* Assets */ = {
			isa = PBXGroup;
			children = (
				5AD94D3C1E8B9CAB0013E725 /* PostTableViewCell.xib */,
				5AC92A7F1E8519F200879CBF /* bookmark-active.png */,
				5AC92A801E8519F200879CBF /* bookmark-active@2x.png */,
				5AC92A811E8519F200879CBF /* bookmark-active@3x.png */,
				5AC92A821E8519F200879CBF /* closeButtonX.png */,
				5AC92A831E8519F200879CBF /* closeButtonX@2x.png */,
				5AC92A841E8519F200879CBF /* closeButtonX@3x.png */,
				5AC92A851E8519F200879CBF /* facebook.png */,
				5AC92A861E8519F200879CBF /* facebook@2x.png */,
				5AC92A871E8519F200879CBF /* facebook@3x.png */,
				5AC92A881E8519F200879CBF /* Knob.png */,
				5AC92A891E8519F200879CBF /* Knob@2x.png */,
				5AC92A8A1E8519F200879CBF /* Knob@3x.png */,
				5AC92A8B1E8519F200879CBF /* Like-active-white.png */,
				5AC92A8C1E8519F200879CBF /* Like-active-white@2x.png */,
				5AC92A8D1E8519F200879CBF /* Like-active-white@3x.png */,
				5AC92A8E1E8519F200879CBF /* Like-active.png */,
				5AC92A8F1E8519F200879CBF /* Like-active@2x.png */,
				5AC92A901E8519F200879CBF /* Like-active@3x.png */,
				5AC92A911E8519F200879CBF /* Like-white.png */,
				5AC92A921E8519F300879CBF /* Like-white@2x.png */,
				5AC92A931E8519F300879CBF /* Like-white@3x.png */,
				5AC92A941E8519F300879CBF /* Like.png */,
				5AC92A951E8519F300879CBF /* Like@2x.png */,
				5AC92A961E8519F300879CBF /* Like@3x.png */,
				5AC92A971E8519F300879CBF /* messenger.png */,
				5AC92A981E8519F300879CBF /* messenger@2x.png */,
				5AC92A991E8519F300879CBF /* messenger@3x.png */,
				5AC92A9A1E8519F300879CBF /* navbar_white.png */,
				5AC92A9B1E8519F300879CBF /* navbar_white@2x.png */,
				5AC92A9C1E8519F300879CBF /* navbar_white@3x.png */,
				5AC92A9D1E8519F300879CBF /* post_back.png */,
				5AC92A9E1E8519F300879CBF /* post_back@2x.png */,
				5AC92A9F1E8519F300879CBF /* post_back@3x.png */,
				5AC92AA01E8519F300879CBF /* post_bookmark.png */,
				5AC92AA11E8519F300879CBF /* post_bookmark@2x.png */,
				5AC92AA21E8519F300879CBF /* post_bookmark@3x.png */,
				5AC92AA31E8519F300879CBF /* post_like.png */,
				5AC92AA41E8519F300879CBF /* post_like@2x.png */,
				5AC92AA51E8519F300879CBF /* post_like@3x.png */,
				5AC92AA61E8519F300879CBF /* post_multiply.png */,
				5AC92AA71E8519F300879CBF /* post_multiply@2x.png */,
				5AC92AA81E8519F300879CBF /* post_multiply@3x.png */,
				5AC92AA91E8519F300879CBF /* post_share.png */,
				5AC92AAA1E8519F300879CBF /* post_share@2x.png */,
				5AC92AAB1E8519F300879CBF /* post_share@3x.png */,
				5AC92AAC1E8519F300879CBF /* post_text.png */,
				5AC92AAD1E8519F300879CBF /* post_text@2x.png */,
				5AC92AAE1E8519F300879CBF /* shareImage.png */,
				5AC92AAF1E8519F300879CBF /* shareImage@2x.png */,
				5AC92AB01E8519F300879CBF /* shareImage@3x.png */,
				5AC92AB11E8519F300879CBF /* twitter.png */,
				5AC92AB21E8519F300879CBF /* twitter@2x.png */,
				5AC92AB31E8519F300879CBF /* twitter@3x.png */,
				5AC92AB41E8519F300879CBF /* whats-app.png */,
				5AC92AB51E8519F300879CBF /* whats-app@2x.png */,
				5AC92AB61E8519F300879CBF /* whats-app@3x.png */,
				5AC92A791E8519DA00879CBF /* LargePostCollectionViewCell.xib */,
				5AC92A7B1E8519DA00879CBF /* SmallPostCollectionViewCell.xib */,
				5AD94D361E8B9C810013E725 /* PublisherApp.storyboard */,
				5A850ADA1EDC0C9C00552EA6 /* Localizable.strings */,
			);
			path = Assets;
			sourceTree = "<group>";
		};
		5A79802F1E687DE000E684ED /* Source */ = {
			isa = PBXGroup;
			children = (
				5AD94CA41E8A4E8E0013E725 /* CoreContext.h */,
				5AD94CA51E8A4E8E0013E725 /* CoreContext.m */,
				5AD94D1B1E8A4F370013E725 /* Model */,
				5AD94D121E8A4F200013E725 /* ViewModel */,
				5AD94CF61E8A4EFD0013E725 /* UI */,
				5AD94CE51E8A4EE90013E725 /* Categories */,
				5AD94CD21E8A4ECB0013E725 /* API */,
				5AD94CB91E8A4EAA0013E725 /* Helpers */,
				5AD94CA81E8A4E970013E725 /* ViewControllers */,
				5AD94C9F1E8A4E710013E725 /* 3rd party */,
			);
			path = Source;
			sourceTree = "<group>";
		};
		5AD94C9F1E8A4E710013E725 /* 3rd party */ = {
			isa = PBXGroup;
			children = (
				5AD94CA01E8A4E810013E725 /* UIView+Toast.h */,
				5AD94CA11E8A4E810013E725 /* UIView+Toast.m */,
			);
			name = "3rd party";
			sourceTree = "<group>";
		};
		5AD94CA81E8A4E970013E725 /* ViewControllers */ = {
			isa = PBXGroup;
			children = (
				5AD94D461E8B9CF90013E725 /* MUOSavesViewController.h */,
				5AD94D471E8B9CF90013E725 /* MUOSavesViewController.m */,
				5AD94CA91E8A4EA50013E725 /* MUOPagingPostsController.h */,
				5AD94CAA1E8A4EA50013E725 /* MUOPagingPostsController.m */,
				5AD94CAB1E8A4EA50013E725 /* MUOPostContentViewController.h */,
				5AD94CAC1E8A4EA50013E725 /* MUOPostContentViewController.m */,
				5AD94CAD1E8A4EA50013E725 /* PostScrollListener.h */,
				5AD94CAE1E8A4EA50013E725 /* PostScrollListener.m */,
				5AD94CAF1E8A4EA50013E725 /* BasePostsViewController.h */,
				5AD94CB01E8A4EA50013E725 /* BasePostsViewController.m */,
			);
			name = ViewControllers;
			sourceTree = "<group>";
		};
		5AD94CB91E8A4EAA0013E725 /* Helpers */ = {
			isa = PBXGroup;
			children = (
				5AD94CBA1E8A4EB60013E725 /* MUOSavesManager.h */,
				5AD94CBB1E8A4EB60013E725 /* MUOSavesManager.m */,
				5AD94CBC1E8A4EB60013E725 /* MUODownloadPool.h */,
				5AD94CBD1E8A4EB60013E725 /* MUODownloadPool.m */,
				5AD94CBE1E8A4EB60013E725 /* MUOFileCache.h */,
				5AD94CBF1E8A4EB60013E725 /* MUOFileCache.m */,
				5AD94CC01E8A4EB60013E725 /* LikesManager.h */,
				5AD94CC11E8A4EB60013E725 /* LikesManager.m */,
				5AD94CC21E8A4EB60013E725 /* ExternalLinksHandler.h */,
				5AD94CC31E8A4EB60013E725 /* ExternalLinksHandler.m */,
				5AD94CC41E8A4EB60013E725 /* ShareHelper.h */,
				5AD94CC51E8A4EB60013E725 /* ShareHelper.m */,
			);
			name = Helpers;
			sourceTree = "<group>";
		};
		5AD94CD21E8A4ECB0013E725 /* API */ = {
			isa = PBXGroup;
			children = (
				5AD94CD31E8A4EDD0013E725 /* BookmarksRequestManager.h */,
				5AD94CD41E8A4EDD0013E725 /* BookmarksRequestManager.m */,
				5AD94CD51E8A4EDD0013E725 /* SessionManagerSetupProvider.h */,
				5AD94CD61E8A4EDD0013E725 /* PostsSessionManager.h */,
				5AD94CD71E8A4EDD0013E725 /* PostsSessionManager.m */,
				5AD94CD81E8A4EDD0013E725 /* PublisherAppSetupProvider.h */,
				5AD94CD91E8A4EDD0013E725 /* PublisherAppSetupProvider.m */,
				5AD94CDA1E8A4EDD0013E725 /* PostsRequestsManager.h */,
				5AD94CDB1E8A4EDD0013E725 /* PostsRequestsManager.m */,
			);
			name = API;
			sourceTree = "<group>";
		};
		5AD94CE51E8A4EE90013E725 /* Categories */ = {
			isa = PBXGroup;
			children = (
				5AD94CE61E8A4EF40013E725 /* MUOHtmlEditor.h */,
				5AD94CE71E8A4EF40013E725 /* MUOHtmlEditor.m */,
				5AD94CE81E8A4EF40013E725 /* NSString+MUO.h */,
				5AD94CE91E8A4EF40013E725 /* NSString+MUO.m */,
				5AD94CEA1E8A4EF40013E725 /* UIImage+MUO.h */,
				5AD94CEB1E8A4EF40013E725 /* UIImage+MUO.m */,
				5AD94CEC1E8A4EF40013E725 /* SDWebImagePrefetcher+MUO.h */,
				5AD94CED1E8A4EF40013E725 /* SDWebImagePrefetcher+MUO.m */,
			);
			name = Categories;
			sourceTree = "<group>";
		};
		5AD94CF61E8A4EFD0013E725 /* UI */ = {
			isa = PBXGroup;
			children = (
				5AD94D381E8B9C9F0013E725 /* NavigationRouter.h */,
				5AD94D391E8B9C9F0013E725 /* NavigationRouter.m */,
				5AD94D111E8A4F0D0013E725 /* Cells */,
				5AD94CF71E8A4F090013E725 /* FontSelectorView.h */,
				5AD94CF81E8A4F090013E725 /* FontSelectorView.m */,
				5AD94CF91E8A4F090013E725 /* MUOGalleryViewController.h */,
				5AD94CFA1E8A4F090013E725 /* MUOGalleryViewController.m */,
				5AD94CFB1E8A4F090013E725 /* MUOScrollingImageView.h */,
				5AD94CFC1E8A4F090013E725 /* MUOScrollingImageView.m */,
			);
			name = UI;
			sourceTree = "<group>";
		};
		5AD94D111E8A4F0D0013E725 /* Cells */ = {
			isa = PBXGroup;
			children = (
				5AD94D3E1E8B9CB90013E725 /* PostTableViewCell.h */,
				5AD94D3F1E8B9CB90013E725 /* PostTableViewCell.m */,
				5AD94CFD1E8A4F090013E725 /* LargePostCollectionViewCell.xib */,
				5AD94CFE1E8A4F090013E725 /* SmallPostCollectionViewCell.xib */,
				5AD94CFF1E8A4F090013E725 /* SmallPostCollectionViewCell.h */,
				5AD94D001E8A4F090013E725 /* SmallPostCollectionViewCell.m */,
				5AD94D011E8A4F090013E725 /* LargePostCollectionViewCell.h */,
				5AD94D021E8A4F090013E725 /* LargePostCollectionViewCell.m */,
				5AD94D031E8A4F090013E725 /* PostRepresentable.h */,
			);
			name = Cells;
			sourceTree = "<group>";
		};
		5AD94D121E8A4F200013E725 /* ViewModel */ = {
			isa = PBXGroup;
			children = (
				5AD94D421E8B9CCE0013E725 /* SavesViewModel.h */,
				5AD94D431E8B9CCE0013E725 /* SavesViewModel.m */,
				5AD94D131E8A4F2B0013E725 /* MUOPostContentViewModel.h */,
				5AD94D141E8A4F2B0013E725 /* MUOPostContentViewModel.m */,
				5AD94D151E8A4F2B0013E725 /* PostsViewModel.h */,
				5AD94D161E8A4F2B0013E725 /* PostsViewModel.m */,
			);
			name = ViewModel;
			sourceTree = "<group>";
		};
		5AD94D1B1E8A4F370013E725 /* Model */ = {
			isa = PBXGroup;
			children = (
				5AD94D1C1E8A4F410013E725 /* ReaderSettings.h */,
				5AD94D1D1E8A4F410013E725 /* ReaderSettings.m */,
				5AD94D1E1E8A4F410013E725 /* MUOSavedPost.h */,
				5AD94D1F1E8A4F410013E725 /* MUOSavedPost.m */,
				5AD94D201E8A4F410013E725 /* Post.h */,
				5AD94D211E8A4F410013E725 /* Post.m */,
			);
			name = Model;
			sourceTree = "<group>";
		};
/* End PBXGroup section */

/* Begin PBXHeadersBuildPhase section */
		5A797F361E6841F900E684ED /* Headers */ = {
			isa = PBXHeadersBuildPhase;
			buildActionMask = 2147483647;
			files = (
				5AD94D061E8A4F090013E725 /* MUOGalleryViewController.h in Headers */,
				5AD94CF41E8A4EF40013E725 /* SDWebImagePrefetcher+MUO.h in Headers */,
				5AD94CF21E8A4EF40013E725 /* UIImage+MUO.h in Headers */,
				5AD94CD01E8A4EB60013E725 /* ShareHelper.h in Headers */,
				5AD94CE11E8A4EDD0013E725 /* PublisherAppSetupProvider.h in Headers */,
				5AD94CB11E8A4EA50013E725 /* MUOPagingPostsController.h in Headers */,
				5A79807D1E68803700E684ED /* PublisherApp.h in Headers */,
				5AD94CEE1E8A4EF40013E725 /* MUOHtmlEditor.h in Headers */,
				5AD94CDF1E8A4EDD0013E725 /* PostsSessionManager.h in Headers */,
				5AD94D401E8B9CB90013E725 /* PostTableViewCell.h in Headers */,
				5AD94CCE1E8A4EB60013E725 /* ExternalLinksHandler.h in Headers */,
				5AD94CDE1E8A4EDD0013E725 /* SessionManagerSetupProvider.h in Headers */,
				5AD94D221E8A4F410013E725 /* ReaderSettings.h in Headers */,
				5AD94D191E8A4F2B0013E725 /* PostsViewModel.h in Headers */,
				5AD94D3A1E8B9C9F0013E725 /* NavigationRouter.h in Headers */,
				5AD94D101E8A4F090013E725 /* PostRepresentable.h in Headers */,
				5AD94D241E8A4F410013E725 /* MUOSavedPost.h in Headers */,
				5AD94CA61E8A4E8E0013E725 /* CoreContext.h in Headers */,
				5AD94D481E8B9CF90013E725 /* MUOSavesViewController.h in Headers */,
				5AD94CB51E8A4EA50013E725 /* PostScrollListener.h in Headers */,
				5AD94CDC1E8A4EDD0013E725 /* BookmarksRequestManager.h in Headers */,
				5AD94CA21E8A4E810013E725 /* UIView+Toast.h in Headers */,
				5AD94CF01E8A4EF40013E725 /* NSString+MUO.h in Headers */,
				5AD94CC61E8A4EB60013E725 /* MUOSavesManager.h in Headers */,
				5AD94D041E8A4F090013E725 /* FontSelectorView.h in Headers */,
				5AD94D441E8B9CCE0013E725 /* SavesViewModel.h in Headers */,
				5AD94CC81E8A4EB60013E725 /* MUODownloadPool.h in Headers */,
				5AD94D0C1E8A4F090013E725 /* SmallPostCollectionViewCell.h in Headers */,
				5AD94D261E8A4F410013E725 /* Post.h in Headers */,
				5AD94CCA1E8A4EB60013E725 /* MUOFileCache.h in Headers */,
				5AD94CE31E8A4EDD0013E725 /* PostsRequestsManager.h in Headers */,
				5AD94CB71E8A4EA50013E725 /* BasePostsViewController.h in Headers */,
				5AD94D0E1E8A4F090013E725 /* LargePostCollectionViewCell.h in Headers */,
				5AD94CCC1E8A4EB60013E725 /* LikesManager.h in Headers */,
				5AD94D171E8A4F2B0013E725 /* MUOPostContentViewModel.h in Headers */,
				5AD94D081E8A4F090013E725 /* MUOScrollingImageView.h in Headers */,
				5AD94CB31E8A4EA50013E725 /* MUOPostContentViewController.h in Headers */,
			);
			runOnlyForDeploymentPostprocessing = 0;
		};
/* End PBXHeadersBuildPhase section */

/* Begin PBXNativeTarget section */
		5A797F381E6841F900E684ED /* PublisherApp */ = {
			isa = PBXNativeTarget;
			buildConfigurationList = 5A797F411E6841F900E684ED /* Build configuration list for PBXNativeTarget "PublisherApp" */;
			buildPhases = (
				B755598D193A38BF387D5692 /* [CP] Check Pods Manifest.lock */,
				5A797F341E6841F900E684ED /* Sources */,
				5A797F351E6841F900E684ED /* Frameworks */,
				5A797F361E6841F900E684ED /* Headers */,
				5A797F371E6841F900E684ED /* Resources */,
				2C9F925C76B81B999CA690A9 /* [CP] Copy Pods Resources */,
			);
			buildRules = (
			);
			dependencies = (
			);
			name = PublisherApp;
			productName = PublisherApp;
			productReference = 5A797F391E6841F900E684ED /* PublisherApp.framework */;
			productType = "com.apple.product-type.framework";
		};
/* End PBXNativeTarget section */

/* Begin PBXProject section */
		5A797F301E6841F900E684ED /* Project object */ = {
			isa = PBXProject;
			attributes = {
				LastUpgradeCheck = 0800;
				ORGANIZATIONNAME = MakeUseOf;
				TargetAttributes = {
					5A797F381E6841F900E684ED = {
						CreatedOnToolsVersion = 8.0;
						DevelopmentTeam = U4R65QQKZ7;
						ProvisioningStyle = Automatic;
					};
				};
			};
			buildConfigurationList = 5A797F331E6841F900E684ED /* Build configuration list for PBXProject "PublisherApp" */;
			compatibilityVersion = "Xcode 3.2";
			developmentRegion = English;
			hasScannedForEncodings = 0;
			knownRegions = (
				en,
				ru,
			);
			mainGroup = 5A797F2F1E6841F900E684ED;
			productRefGroup = 5A797F3A1E6841F900E684ED /* Products */;
			projectDirPath = "";
			projectRoot = "";
			targets = (
				5A797F381E6841F900E684ED /* PublisherApp */,
			);
		};
/* End PBXProject section */

/* Begin PBXResourcesBuildPhase section */
		5A797F371E6841F900E684ED /* Resources */ = {
			isa = PBXResourcesBuildPhase;
			buildActionMask = 2147483647;
			files = (
				5AC92AED1E8519F300879CBF /* whats-app@2x.png in Resources */,
				5AC92A7C1E8519DA00879CBF /* LargePostCollectionViewCell.xib in Resources */,
				5AC92ABA1E8519F300879CBF /* closeButtonX.png in Resources */,
				5AC92ACA1E8519F300879CBF /* Like-white@2x.png in Resources */,
				5AC92AE11E8519F300879CBF /* post_share.png in Resources */,
				5AC92AD21E8519F300879CBF /* navbar_white.png in Resources */,
				5AC92AE41E8519F300879CBF /* post_text.png in Resources */,
				5AD94D3D1E8B9CAB0013E725 /* PostTableViewCell.xib in Resources */,
				5AC92ACE1E8519F300879CBF /* Like@3x.png in Resources */,
				5AC92AEB1E8519F300879CBF /* twitter@3x.png in Resources */,
				5AC92ABB1E8519F300879CBF /* closeButtonX@2x.png in Resources */,
				5AC92AE71E8519F300879CBF /* shareImage@2x.png in Resources */,
				5AC92ADD1E8519F300879CBF /* post_like@3x.png in Resources */,
				5AC92AC81E8519F300879CBF /* Like-active@3x.png in Resources */,
				5AC92ACD1E8519F300879CBF /* Like@2x.png in Resources */,
				5AC92AC01E8519F300879CBF /* Knob.png in Resources */,
				5AC92AD61E8519F300879CBF /* post_back@2x.png in Resources */,
				5AC92AC31E8519F300879CBF /* Like-active-white.png in Resources */,
				5AC92AD31E8519F300879CBF /* navbar_white@2x.png in Resources */,
				5AC92ADE1E8519F300879CBF /* post_multiply.png in Resources */,
				5AC92AD91E8519F300879CBF /* post_bookmark@2x.png in Resources */,
				5AC92AD71E8519F300879CBF /* post_back@3x.png in Resources */,
				5AC92AE61E8519F300879CBF /* shareImage.png in Resources */,
				5AC92ABC1E8519F300879CBF /* closeButtonX@3x.png in Resources */,
				5AC92AB91E8519F300879CBF /* bookmark-active@3x.png in Resources */,
				5AC92ABE1E8519F300879CBF /* facebook@2x.png in Resources */,
				5AC92AB71E8519F300879CBF /* bookmark-active.png in Resources */,
				5AC92ADB1E8519F300879CBF /* post_like.png in Resources */,
				5AC92AEA1E8519F300879CBF /* twitter@2x.png in Resources */,
				5AC92AC21E8519F300879CBF /* Knob@3x.png in Resources */,
				5AC92AE01E8519F300879CBF /* post_multiply@3x.png in Resources */,
				5A850ADC1EDC0C9C00552EA6 /* Localizable.strings in Resources */,
				5AD94D371E8B9C810013E725 /* PublisherApp.storyboard in Resources */,
				5AC92ACC1E8519F300879CBF /* Like.png in Resources */,
				5AC92AEC1E8519F300879CBF /* whats-app.png in Resources */,
				5AC92AC11E8519F300879CBF /* Knob@2x.png in Resources */,
				5AC92AE51E8519F300879CBF /* post_text@2x.png in Resources */,
				5AC92AC41E8519F300879CBF /* Like-active-white@2x.png in Resources */,
				5AC92AD01E8519F300879CBF /* messenger@2x.png in Resources */,
				5AC92AD51E8519F300879CBF /* post_back.png in Resources */,
				5AC92ABF1E8519F300879CBF /* facebook@3x.png in Resources */,
				5AC92AD11E8519F300879CBF /* messenger@3x.png in Resources */,
				5AD94D0B1E8A4F090013E725 /* SmallPostCollectionViewCell.xib in Resources */,
				5AC92AEE1E8519F300879CBF /* whats-app@3x.png in Resources */,
				5AD94D0A1E8A4F090013E725 /* LargePostCollectionViewCell.xib in Resources */,
				5AC92ADA1E8519F300879CBF /* post_bookmark@3x.png in Resources */,
				5AC92A7E1E8519DA00879CBF /* SmallPostCollectionViewCell.xib in Resources */,
				5AC92ADC1E8519F300879CBF /* post_like@2x.png in Resources */,
				5AC92AC61E8519F300879CBF /* Like-active.png in Resources */,
				5AC92AD81E8519F300879CBF /* post_bookmark.png in Resources */,
				5AC92AE81E8519F300879CBF /* shareImage@3x.png in Resources */,
				5AC92AC91E8519F300879CBF /* Like-white.png in Resources */,
				5AC92ACF1E8519F300879CBF /* messenger.png in Resources */,
				5AC92ACB1E8519F300879CBF /* Like-white@3x.png in Resources */,
				5AC92AE31E8519F300879CBF /* post_share@3x.png in Resources */,
				5AC92AE21E8519F300879CBF /* post_share@2x.png in Resources */,
				5AC92ABD1E8519F300879CBF /* facebook.png in Resources */,
				5AC92ADF1E8519F300879CBF /* post_multiply@2x.png in Resources */,
				5AC92AB81E8519F300879CBF /* bookmark-active@2x.png in Resources */,
				5AC92AC71E8519F300879CBF /* Like-active@2x.png in Resources */,
				5AC92AD41E8519F300879CBF /* navbar_white@3x.png in Resources */,
				5AC92AE91E8519F300879CBF /* twitter.png in Resources */,
				5AC92AC51E8519F300879CBF /* Like-active-white@3x.png in Resources */,
			);
			runOnlyForDeploymentPostprocessing = 0;
		};
/* End PBXResourcesBuildPhase section */

/* Begin PBXShellScriptBuildPhase section */
		2C9F925C76B81B999CA690A9 /* [CP] Copy Pods Resources */ = {
			isa = PBXShellScriptBuildPhase;
			buildActionMask = 2147483647;
			files = (
			);
			inputPaths = (
			);
			name = "[CP] Copy Pods Resources";
			outputPaths = (
			);
			runOnlyForDeploymentPostprocessing = 0;
			shellPath = /bin/sh;
			shellScript = "\"${SRCROOT}/Pods/Target Support Files/Pods-PublisherApp/Pods-PublisherApp-resources.sh\"\n";
			showEnvVarsInLog = 0;
		};
		B755598D193A38BF387D5692 /* [CP] Check Pods Manifest.lock */ = {
			isa = PBXShellScriptBuildPhase;
			buildActionMask = 2147483647;
			files = (
			);
			inputPaths = (
			);
			name = "[CP] Check Pods Manifest.lock";
			outputPaths = (
			);
			runOnlyForDeploymentPostprocessing = 0;
			shellPath = /bin/sh;
			shellScript = "diff \"${PODS_ROOT}/../Podfile.lock\" \"${PODS_ROOT}/Manifest.lock\" > /dev/null\nif [ $? != 0 ] ; then\n    # print error to STDERR\n    echo \"error: The sandbox is not in sync with the Podfile.lock. Run 'pod install' or update your CocoaPods installation.\" >&2\n    exit 1\nfi\n";
			showEnvVarsInLog = 0;
		};
/* End PBXShellScriptBuildPhase section */

/* Begin PBXSourcesBuildPhase section */
		5A797F341E6841F900E684ED /* Sources */ = {
			isa = PBXSourcesBuildPhase;
			buildActionMask = 2147483647;
			files = (
				5AD94CCB1E8A4EB60013E725 /* MUOFileCache.m in Sources */,
				5AD94CE41E8A4EDD0013E725 /* PostsRequestsManager.m in Sources */,
				5AD94CA71E8A4E8E0013E725 /* CoreContext.m in Sources */,
				5AD94CCF1E8A4EB60013E725 /* ExternalLinksHandler.m in Sources */,
				5AD94D251E8A4F410013E725 /* MUOSavedPost.m in Sources */,
				5AD94CF31E8A4EF40013E725 /* UIImage+MUO.m in Sources */,
				5AD94CD11E8A4EB60013E725 /* ShareHelper.m in Sources */,
				5AD94D1A1E8A4F2B0013E725 /* PostsViewModel.m in Sources */,
				5AD94D0D1E8A4F090013E725 /* SmallPostCollectionViewCell.m in Sources */,
				5AD94CE21E8A4EDD0013E725 /* PublisherAppSetupProvider.m in Sources */,
				5AD94CB81E8A4EA50013E725 /* BasePostsViewController.m in Sources */,
				5AD94CC71E8A4EB60013E725 /* MUOSavesManager.m in Sources */,
				5AD94D231E8A4F410013E725 /* ReaderSettings.m in Sources */,
				5AD94D0F1E8A4F090013E725 /* LargePostCollectionViewCell.m in Sources */,
				5AD94CE01E8A4EDD0013E725 /* PostsSessionManager.m in Sources */,
				5AD94D181E8A4F2B0013E725 /* MUOPostContentViewModel.m in Sources */,
				5AD94CF11E8A4EF40013E725 /* NSString+MUO.m in Sources */,
				5AD94CA31E8A4E810013E725 /* UIView+Toast.m in Sources */,
				5AD94CB41E8A4EA50013E725 /* MUOPostContentViewController.m in Sources */,
				5AD94D091E8A4F090013E725 /* MUOScrollingImageView.m in Sources */,
				5AD94CF51E8A4EF40013E725 /* SDWebImagePrefetcher+MUO.m in Sources */,
				5AD94CCD1E8A4EB60013E725 /* LikesManager.m in Sources */,
				5AD94D451E8B9CCE0013E725 /* SavesViewModel.m in Sources */,
				5AD94D491E8B9CF90013E725 /* MUOSavesViewController.m in Sources */,
				5AD94D3B1E8B9C9F0013E725 /* NavigationRouter.m in Sources */,
				5AD94D411E8B9CB90013E725 /* PostTableViewCell.m in Sources */,
				5AD94CB61E8A4EA50013E725 /* PostScrollListener.m in Sources */,
				5AD94CEF1E8A4EF40013E725 /* MUOHtmlEditor.m in Sources */,
				5AD94CB21E8A4EA50013E725 /* MUOPagingPostsController.m in Sources */,
				5AD94D271E8A4F410013E725 /* Post.m in Sources */,
				5AD94D051E8A4F090013E725 /* FontSelectorView.m in Sources */,
				5AD94D071E8A4F090013E725 /* MUOGalleryViewController.m in Sources */,
				5AD94CDD1E8A4EDD0013E725 /* BookmarksRequestManager.m in Sources */,
				5AD94CC91E8A4EB60013E725 /* MUODownloadPool.m in Sources */,
			);
			runOnlyForDeploymentPostprocessing = 0;
		};
/* End PBXSourcesBuildPhase section */

/* Begin PBXVariantGroup section */
		5A850ADA1EDC0C9C00552EA6 /* Localizable.strings */ = {
			isa = PBXVariantGroup;
			children = (
				5A850ADB1EDC0C9C00552EA6 /* en */,
				5A850ADD1EDC0CB600552EA6 /* ru */,
			);
			name = Localizable.strings;
			sourceTree = "<group>";
		};
/* End PBXVariantGroup section */

/* Begin XCBuildConfiguration section */
		5A797F3F1E6841F900E684ED /* Debug */ = {
			isa = XCBuildConfiguration;
			buildSettings = {
				ALWAYS_SEARCH_USER_PATHS = NO;
				CLANG_ANALYZER_LOCALIZABILITY_NONLOCALIZED = YES;
				CLANG_ANALYZER_NONNULL = YES;
				CLANG_CXX_LANGUAGE_STANDARD = "gnu++0x";
				CLANG_CXX_LIBRARY = "libc++";
				CLANG_ENABLE_MODULES = YES;
				CLANG_ENABLE_OBJC_ARC = YES;
				CLANG_WARN_BOOL_CONVERSION = YES;
				CLANG_WARN_CONSTANT_CONVERSION = YES;
				CLANG_WARN_DIRECT_OBJC_ISA_USAGE = YES_ERROR;
				CLANG_WARN_DOCUMENTATION_COMMENTS = YES;
				CLANG_WARN_EMPTY_BODY = YES;
				CLANG_WARN_ENUM_CONVERSION = YES;
				CLANG_WARN_INFINITE_RECURSION = YES;
				CLANG_WARN_INT_CONVERSION = YES;
				CLANG_WARN_OBJC_ROOT_CLASS = YES_ERROR;
				CLANG_WARN_SUSPICIOUS_MOVES = YES;
				CLANG_WARN_UNREACHABLE_CODE = YES;
				CLANG_WARN__DUPLICATE_METHOD_MATCH = YES;
				"CODE_SIGN_IDENTITY[sdk=iphoneos*]" = "iPhone Developer";
				COPY_PHASE_STRIP = NO;
				CURRENT_PROJECT_VERSION = 1;
				DEBUG_INFORMATION_FORMAT = dwarf;
				ENABLE_STRICT_OBJC_MSGSEND = YES;
				ENABLE_TESTABILITY = YES;
				GCC_C_LANGUAGE_STANDARD = gnu99;
				GCC_DYNAMIC_NO_PIC = NO;
				GCC_NO_COMMON_BLOCKS = YES;
				GCC_OPTIMIZATION_LEVEL = 0;
				GCC_PREPROCESSOR_DEFINITIONS = (
					"DEBUG=1",
					"$(inherited)",
				);
				GCC_WARN_64_TO_32_BIT_CONVERSION = YES;
				GCC_WARN_ABOUT_RETURN_TYPE = YES_ERROR;
				GCC_WARN_UNDECLARED_SELECTOR = YES;
				GCC_WARN_UNINITIALIZED_AUTOS = YES_AGGRESSIVE;
				GCC_WARN_UNUSED_FUNCTION = YES;
				GCC_WARN_UNUSED_VARIABLE = YES;
				IPHONEOS_DEPLOYMENT_TARGET = 9.1;
				MTL_ENABLE_DEBUG_INFO = YES;
				ONLY_ACTIVE_ARCH = YES;
				SDKROOT = iphoneos;
				TARGETED_DEVICE_FAMILY = "1,2";
				VERSIONING_SYSTEM = "apple-generic";
				VERSION_INFO_PREFIX = "";
			};
			name = Debug;
		};
		5A797F401E6841F900E684ED /* Release */ = {
			isa = XCBuildConfiguration;
			buildSettings = {
				ALWAYS_SEARCH_USER_PATHS = NO;
				CLANG_ANALYZER_LOCALIZABILITY_NONLOCALIZED = YES;
				CLANG_ANALYZER_NONNULL = YES;
				CLANG_CXX_LANGUAGE_STANDARD = "gnu++0x";
				CLANG_CXX_LIBRARY = "libc++";
				CLANG_ENABLE_MODULES = YES;
				CLANG_ENABLE_OBJC_ARC = YES;
				CLANG_WARN_BOOL_CONVERSION = YES;
				CLANG_WARN_CONSTANT_CONVERSION = YES;
				CLANG_WARN_DIRECT_OBJC_ISA_USAGE = YES_ERROR;
				CLANG_WARN_DOCUMENTATION_COMMENTS = YES;
				CLANG_WARN_EMPTY_BODY = YES;
				CLANG_WARN_ENUM_CONVERSION = YES;
				CLANG_WARN_INFINITE_RECURSION = YES;
				CLANG_WARN_INT_CONVERSION = YES;
				CLANG_WARN_OBJC_ROOT_CLASS = YES_ERROR;
				CLANG_WARN_SUSPICIOUS_MOVES = YES;
				CLANG_WARN_UNREACHABLE_CODE = YES;
				CLANG_WARN__DUPLICATE_METHOD_MATCH = YES;
				"CODE_SIGN_IDENTITY[sdk=iphoneos*]" = "iPhone Developer";
				COPY_PHASE_STRIP = NO;
				CURRENT_PROJECT_VERSION = 1;
				DEBUG_INFORMATION_FORMAT = "dwarf-with-dsym";
				ENABLE_NS_ASSERTIONS = NO;
				ENABLE_STRICT_OBJC_MSGSEND = YES;
				GCC_C_LANGUAGE_STANDARD = gnu99;
				GCC_NO_COMMON_BLOCKS = YES;
				GCC_WARN_64_TO_32_BIT_CONVERSION = YES;
				GCC_WARN_ABOUT_RETURN_TYPE = YES_ERROR;
				GCC_WARN_UNDECLARED_SELECTOR = YES;
				GCC_WARN_UNINITIALIZED_AUTOS = YES_AGGRESSIVE;
				GCC_WARN_UNUSED_FUNCTION = YES;
				GCC_WARN_UNUSED_VARIABLE = YES;
				IPHONEOS_DEPLOYMENT_TARGET = 9.1;
				MTL_ENABLE_DEBUG_INFO = NO;
				SDKROOT = iphoneos;
				TARGETED_DEVICE_FAMILY = "1,2";
				VALIDATE_PRODUCT = YES;
				VERSIONING_SYSTEM = "apple-generic";
				VERSION_INFO_PREFIX = "";
			};
			name = Release;
		};
		5A797F421E6841F900E684ED /* Debug */ = {
			isa = XCBuildConfiguration;
			baseConfigurationReference = 7C093653783401FD653BA67E /* Pods-PublisherApp.debug.xcconfig */;
			buildSettings = {
				CODE_SIGN_IDENTITY = "";
				DEFINES_MODULE = YES;
				DEVELOPMENT_TEAM = U4R65QQKZ7;
				DYLIB_COMPATIBILITY_VERSION = 1;
				DYLIB_CURRENT_VERSION = 1;
				DYLIB_INSTALL_NAME_BASE = "@rpath";
				INFOPLIST_FILE = PublisherApp/Info.plist;
				INSTALL_PATH = "$(LOCAL_LIBRARY_DIR)/Frameworks";
				LD_RUNPATH_SEARCH_PATHS = "$(inherited) @executable_path/Frameworks @loader_path/Frameworks";
				PRODUCT_BUNDLE_IDENTIFIER = com.makeuseof.PublisherApp;
				PRODUCT_NAME = "$(TARGET_NAME)";
				SKIP_INSTALL = YES;
			};
			name = Debug;
		};
		5A797F431E6841F900E684ED /* Release */ = {
			isa = XCBuildConfiguration;
			baseConfigurationReference = BFF57FE27C5190B79DFF1250 /* Pods-PublisherApp.release.xcconfig */;
			buildSettings = {
				CODE_SIGN_IDENTITY = "";
				DEFINES_MODULE = YES;
				DEVELOPMENT_TEAM = U4R65QQKZ7;
				DYLIB_COMPATIBILITY_VERSION = 1;
				DYLIB_CURRENT_VERSION = 1;
				DYLIB_INSTALL_NAME_BASE = "@rpath";
				INFOPLIST_FILE = PublisherApp/Info.plist;
				INSTALL_PATH = "$(LOCAL_LIBRARY_DIR)/Frameworks";
				LD_RUNPATH_SEARCH_PATHS = "$(inherited) @executable_path/Frameworks @loader_path/Frameworks";
				PRODUCT_BUNDLE_IDENTIFIER = com.makeuseof.PublisherApp;
				PRODUCT_NAME = "$(TARGET_NAME)";
				SKIP_INSTALL = YES;
			};
			name = Release;
		};
/* End XCBuildConfiguration section */

/* Begin XCConfigurationList section */
		5A797F331E6841F900E684ED /* Build configuration list for PBXProject "PublisherApp" */ = {
			isa = XCConfigurationList;
			buildConfigurations = (
				5A797F3F1E6841F900E684ED /* Debug */,
				5A797F401E6841F900E684ED /* Release */,
			);
			defaultConfigurationIsVisible = 0;
			defaultConfigurationName = Release;
		};
		5A797F411E6841F900E684ED /* Build configuration list for PBXNativeTarget "PublisherApp" */ = {
			isa = XCConfigurationList;
			buildConfigurations = (
				5A797F421E6841F900E684ED /* Debug */,
				5A797F431E6841F900E684ED /* Release */,
			);
			defaultConfigurationIsVisible = 0;
			defaultConfigurationName = Release;
		};
/* End XCConfigurationList section */
	};
	rootObject = 5A797F301E6841F900E684ED /* Project object */;
}
