// !$*UTF8*$!
{
	archiveVersion = 1;
	classes = {
	};
	objectVersion = 46;
	objects = {

/* Begin PBXBuildFile section */
		5A7980111E687DD600E684ED /* closeButtonX.png in Resources */ = {isa = PBXBuildFile; fileRef = 5A797FF31E687DD600E684ED /* closeButtonX.png */; };
		5A7980121E687DD600E684ED /* closeButtonX@2x.png in Resources */ = {isa = PBXBuildFile; fileRef = 5A797FF41E687DD600E684ED /* closeButtonX@2x.png */; };
		5A7980131E687DD600E684ED /* closeButtonX@3x.png in Resources */ = {isa = PBXBuildFile; fileRef = 5A797FF51E687DD600E684ED /* closeButtonX@3x.png */; };
		5A7980141E687DD600E684ED /* Knob.png in Resources */ = {isa = PBXBuildFile; fileRef = 5A797FF61E687DD600E684ED /* Knob.png */; };
		5A7980151E687DD600E684ED /* Knob@2x.png in Resources */ = {isa = PBXBuildFile; fileRef = 5A797FF71E687DD600E684ED /* Knob@2x.png */; };
		5A7980161E687DD600E684ED /* Knob@3x.png in Resources */ = {isa = PBXBuildFile; fileRef = 5A797FF81E687DD600E684ED /* Knob@3x.png */; };
		5A7980171E687DD600E684ED /* navbar_white.png in Resources */ = {isa = PBXBuildFile; fileRef = 5A797FF91E687DD600E684ED /* navbar_white.png */; };
		5A7980181E687DD600E684ED /* navbar_white@2x.png in Resources */ = {isa = PBXBuildFile; fileRef = 5A797FFA1E687DD600E684ED /* navbar_white@2x.png */; };
		5A7980191E687DD600E684ED /* navbar_white@3x.png in Resources */ = {isa = PBXBuildFile; fileRef = 5A797FFB1E687DD600E684ED /* navbar_white@3x.png */; };
		5A79801A1E687DD600E684ED /* post_back.png in Resources */ = {isa = PBXBuildFile; fileRef = 5A797FFC1E687DD600E684ED /* post_back.png */; };
		5A79801B1E687DD600E684ED /* post_back@2x.png in Resources */ = {isa = PBXBuildFile; fileRef = 5A797FFD1E687DD600E684ED /* post_back@2x.png */; };
		5A79801C1E687DD600E684ED /* post_back@3x.png in Resources */ = {isa = PBXBuildFile; fileRef = 5A797FFE1E687DD600E684ED /* post_back@3x.png */; };
		5A79801D1E687DD600E684ED /* post_bookmark.png in Resources */ = {isa = PBXBuildFile; fileRef = 5A797FFF1E687DD600E684ED /* post_bookmark.png */; };
		5A79801E1E687DD600E684ED /* post_bookmark@2x.png in Resources */ = {isa = PBXBuildFile; fileRef = 5A7980001E687DD600E684ED /* post_bookmark@2x.png */; };
		5A79801F1E687DD600E684ED /* post_bookmark@3x.png in Resources */ = {isa = PBXBuildFile; fileRef = 5A7980011E687DD600E684ED /* post_bookmark@3x.png */; };
		5A7980201E687DD600E684ED /* post_multiply.png in Resources */ = {isa = PBXBuildFile; fileRef = 5A7980021E687DD600E684ED /* post_multiply.png */; };
		5A7980211E687DD600E684ED /* post_multiply@2x.png in Resources */ = {isa = PBXBuildFile; fileRef = 5A7980031E687DD600E684ED /* post_multiply@2x.png */; };
		5A7980221E687DD600E684ED /* post_multiply@3x.png in Resources */ = {isa = PBXBuildFile; fileRef = 5A7980041E687DD600E684ED /* post_multiply@3x.png */; };
		5A7980231E687DD600E684ED /* post_share.png in Resources */ = {isa = PBXBuildFile; fileRef = 5A7980051E687DD600E684ED /* post_share.png */; };
		5A7980241E687DD600E684ED /* post_share@2x.png in Resources */ = {isa = PBXBuildFile; fileRef = 5A7980061E687DD600E684ED /* post_share@2x.png */; };
		5A7980251E687DD600E684ED /* post_share@3x.png in Resources */ = {isa = PBXBuildFile; fileRef = 5A7980071E687DD600E684ED /* post_share@3x.png */; };
		5A7980261E687DD600E684ED /* post_text.png in Resources */ = {isa = PBXBuildFile; fileRef = 5A7980081E687DD600E684ED /* post_text.png */; };
		5A7980271E687DD600E684ED /* post_text@2x.png in Resources */ = {isa = PBXBuildFile; fileRef = 5A7980091E687DD600E684ED /* post_text@2x.png */; };
		5A7980281E687DD600E684ED /* PublisherApp.storyboard in Resources */ = {isa = PBXBuildFile; fileRef = 5A79800A1E687DD600E684ED /* PublisherApp.storyboard */; };
		5A7980291E687DD600E684ED /* ReaderLargeCell.xib in Resources */ = {isa = PBXBuildFile; fileRef = 5A79800B1E687DD600E684ED /* ReaderLargeCell.xib */; };
		5A79802A1E687DD600E684ED /* ReaderSmallCellLeft.xib in Resources */ = {isa = PBXBuildFile; fileRef = 5A79800C1E687DD600E684ED /* ReaderSmallCellLeft.xib */; };
		5A79802B1E687DD600E684ED /* ReaderSmallCellRight.xib in Resources */ = {isa = PBXBuildFile; fileRef = 5A79800D1E687DD600E684ED /* ReaderSmallCellRight.xib */; };
		5A79802C1E687DD700E684ED /* shareImage.png in Resources */ = {isa = PBXBuildFile; fileRef = 5A79800E1E687DD600E684ED /* shareImage.png */; };
		5A79802D1E687DD700E684ED /* shareImage@2x.png in Resources */ = {isa = PBXBuildFile; fileRef = 5A79800F1E687DD600E684ED /* shareImage@2x.png */; };
		5A79802E1E687DD700E684ED /* shareImage@3x.png in Resources */ = {isa = PBXBuildFile; fileRef = 5A7980101E687DD600E684ED /* shareImage@3x.png */; };
		5A7980561E687DE000E684ED /* FontSelectorView.h in Headers */ = {isa = PBXBuildFile; fileRef = 5A7980301E687DE000E684ED /* FontSelectorView.h */; };
		5A7980571E687DE000E684ED /* FontSelectorView.m in Sources */ = {isa = PBXBuildFile; fileRef = 5A7980311E687DE000E684ED /* FontSelectorView.m */; };
		5A7980581E687DE000E684ED /* MUOGalleryViewController.h in Headers */ = {isa = PBXBuildFile; fileRef = 5A7980321E687DE000E684ED /* MUOGalleryViewController.h */; };
		5A7980591E687DE000E684ED /* MUOGalleryViewController.m in Sources */ = {isa = PBXBuildFile; fileRef = 5A7980331E687DE000E684ED /* MUOGalleryViewController.m */; };
		5A79805A1E687DE000E684ED /* MUOHtmlEditor.h in Headers */ = {isa = PBXBuildFile; fileRef = 5A7980341E687DE000E684ED /* MUOHtmlEditor.h */; };
		5A79805B1E687DE000E684ED /* MUOHtmlEditor.m in Sources */ = {isa = PBXBuildFile; fileRef = 5A7980351E687DE000E684ED /* MUOHtmlEditor.m */; };
		5A79805C1E687DE000E684ED /* MUOPagingPostsController.h in Headers */ = {isa = PBXBuildFile; fileRef = 5A7980361E687DE000E684ED /* MUOPagingPostsController.h */; };
		5A79805D1E687DE000E684ED /* MUOPagingPostsController.m in Sources */ = {isa = PBXBuildFile; fileRef = 5A7980371E687DE000E684ED /* MUOPagingPostsController.m */; };
		5A79805E1E687DE000E684ED /* MUOPostContentViewController.h in Headers */ = {isa = PBXBuildFile; fileRef = 5A7980381E687DE000E684ED /* MUOPostContentViewController.h */; };
		5A79805F1E687DE000E684ED /* MUOPostContentViewController.m in Sources */ = {isa = PBXBuildFile; fileRef = 5A7980391E687DE000E684ED /* MUOPostContentViewController.m */; };
		5A7980601E687DE000E684ED /* MUOPostsRequestManager.h in Headers */ = {isa = PBXBuildFile; fileRef = 5A79803A1E687DE000E684ED /* MUOPostsRequestManager.h */; };
		5A7980611E687DE000E684ED /* MUOPostsRequestManager.m in Sources */ = {isa = PBXBuildFile; fileRef = 5A79803B1E687DE000E684ED /* MUOPostsRequestManager.m */; };
		5A7980621E687DE000E684ED /* MUOPostsViewController.h in Headers */ = {isa = PBXBuildFile; fileRef = 5A79803C1E687DE000E684ED /* MUOPostsViewController.h */; };
		5A7980631E687DE000E684ED /* MUOPostsViewController.m in Sources */ = {isa = PBXBuildFile; fileRef = 5A79803D1E687DE000E684ED /* MUOPostsViewController.m */; };
		5A7980641E687DE000E684ED /* MUOScrollingImageView.h in Headers */ = {isa = PBXBuildFile; fileRef = 5A79803E1E687DE000E684ED /* MUOScrollingImageView.h */; };
		5A7980651E687DE000E684ED /* MUOScrollingImageView.m in Sources */ = {isa = PBXBuildFile; fileRef = 5A79803F1E687DE000E684ED /* MUOScrollingImageView.m */; };
		5A7980661E687DE000E684ED /* NSString+MUO.h in Headers */ = {isa = PBXBuildFile; fileRef = 5A7980401E687DE000E684ED /* NSString+MUO.h */; };
		5A7980671E687DE000E684ED /* NSString+MUO.m in Sources */ = {isa = PBXBuildFile; fileRef = 5A7980411E687DE000E684ED /* NSString+MUO.m */; };
		5A7980681E687DE000E684ED /* Post.h in Headers */ = {isa = PBXBuildFile; fileRef = 5A7980421E687DE000E684ED /* Post.h */; };
		5A7980691E687DE000E684ED /* Post.m in Sources */ = {isa = PBXBuildFile; fileRef = 5A7980431E687DE000E684ED /* Post.m */; };
		5A79806A1E687DE000E684ED /* PostsSessionManager.h in Headers */ = {isa = PBXBuildFile; fileRef = 5A7980441E687DE000E684ED /* PostsSessionManager.h */; };
		5A79806B1E687DE000E684ED /* PostsSessionManager.m in Sources */ = {isa = PBXBuildFile; fileRef = 5A7980451E687DE000E684ED /* PostsSessionManager.m */; };
		5A79806C1E687DE000E684ED /* PostsViewModel.h in Headers */ = {isa = PBXBuildFile; fileRef = 5A7980461E687DE000E684ED /* PostsViewModel.h */; };
		5A79806D1E687DE000E684ED /* PostsViewModel.m in Sources */ = {isa = PBXBuildFile; fileRef = 5A7980471E687DE000E684ED /* PostsViewModel.m */; };
		5A79806E1E687DE000E684ED /* PublisherApp-Bridging-Header.h in Headers */ = {isa = PBXBuildFile; fileRef = 5A7980481E687DE000E684ED /* PublisherApp-Bridging-Header.h */; };
		5A79806F1E687DE000E684ED /* PublisherAppSetupProvider.h in Headers */ = {isa = PBXBuildFile; fileRef = 5A7980491E687DE000E684ED /* PublisherAppSetupProvider.h */; };
		5A7980701E687DE000E684ED /* PublisherAppSetupProvider.m in Sources */ = {isa = PBXBuildFile; fileRef = 5A79804A1E687DE000E684ED /* PublisherAppSetupProvider.m */; };
		5A7980711E687DE000E684ED /* ReaderLargeCell.h in Headers */ = {isa = PBXBuildFile; fileRef = 5A79804B1E687DE000E684ED /* ReaderLargeCell.h */; };
		5A7980721E687DE000E684ED /* ReaderLargeCell.m in Sources */ = {isa = PBXBuildFile; fileRef = 5A79804C1E687DE000E684ED /* ReaderLargeCell.m */; };
		5A7980731E687DE000E684ED /* ReaderSmallCell.h in Headers */ = {isa = PBXBuildFile; fileRef = 5A79804D1E687DE000E684ED /* ReaderSmallCell.h */; };
		5A7980741E687DE000E684ED /* ReaderSmallCell.m in Sources */ = {isa = PBXBuildFile; fileRef = 5A79804E1E687DE000E684ED /* ReaderSmallCell.m */; };
		5A7980751E687DE000E684ED /* SDWebImagePrefetcher+MUO.h in Headers */ = {isa = PBXBuildFile; fileRef = 5A79804F1E687DE000E684ED /* SDWebImagePrefetcher+MUO.h */; };
		5A7980761E687DE000E684ED /* SDWebImagePrefetcher+MUO.m in Sources */ = {isa = PBXBuildFile; fileRef = 5A7980501E687DE000E684ED /* SDWebImagePrefetcher+MUO.m */; };
		5A7980771E687DE000E684ED /* SessionManagerSetupProvider.h in Headers */ = {isa = PBXBuildFile; fileRef = 5A7980511E687DE000E684ED /* SessionManagerSetupProvider.h */; };
		5A7980781E687DE000E684ED /* UIImage+MUO.h in Headers */ = {isa = PBXBuildFile; fileRef = 5A7980521E687DE000E684ED /* UIImage+MUO.h */; };
		5A7980791E687DE000E684ED /* UIImage+MUO.m in Sources */ = {isa = PBXBuildFile; fileRef = 5A7980531E687DE000E684ED /* UIImage+MUO.m */; };
		5A79807A1E687DE000E684ED /* UserSettings.h in Headers */ = {isa = PBXBuildFile; fileRef = 5A7980541E687DE000E684ED /* UserSettings.h */; };
		5A79807B1E687DE000E684ED /* UserSettings.m in Sources */ = {isa = PBXBuildFile; fileRef = 5A7980551E687DE000E684ED /* UserSettings.m */; };
		5A79807D1E68803700E684ED /* PublisherApp.h in Headers */ = {isa = PBXBuildFile; fileRef = 5A79807C1E68803700E684ED /* PublisherApp.h */; };
		6D2EB26F0F3A5D3F3C641A23 /* libPods-PublisherApp.a in Frameworks */ = {isa = PBXBuildFile; fileRef = 81DE1BDCE20323967F07B4A2 /* libPods-PublisherApp.a */; };
/* End PBXBuildFile section */

/* Begin PBXFileReference section */
		5A797F391E6841F900E684ED /* PublisherApp.framework */ = {isa = PBXFileReference; explicitFileType = wrapper.framework; includeInIndex = 0; path = PublisherApp.framework; sourceTree = BUILT_PRODUCTS_DIR; };
		5A797F3D1E6841F900E684ED /* Info.plist */ = {isa = PBXFileReference; lastKnownFileType = text.plist.xml; path = Info.plist; sourceTree = "<group>"; };
		5A797FF31E687DD600E684ED /* closeButtonX.png */ = {isa = PBXFileReference; lastKnownFileType = image.png; path = closeButtonX.png; sourceTree = "<group>"; };
		5A797FF41E687DD600E684ED /* closeButtonX@2x.png */ = {isa = PBXFileReference; lastKnownFileType = image.png; path = "closeButtonX@2x.png"; sourceTree = "<group>"; };
		5A797FF51E687DD600E684ED /* closeButtonX@3x.png */ = {isa = PBXFileReference; lastKnownFileType = image.png; path = "closeButtonX@3x.png"; sourceTree = "<group>"; };
		5A797FF61E687DD600E684ED /* Knob.png */ = {isa = PBXFileReference; lastKnownFileType = image.png; path = Knob.png; sourceTree = "<group>"; };
		5A797FF71E687DD600E684ED /* Knob@2x.png */ = {isa = PBXFileReference; lastKnownFileType = image.png; path = "Knob@2x.png"; sourceTree = "<group>"; };
		5A797FF81E687DD600E684ED /* Knob@3x.png */ = {isa = PBXFileReference; lastKnownFileType = image.png; path = "Knob@3x.png"; sourceTree = "<group>"; };
		5A797FF91E687DD600E684ED /* navbar_white.png */ = {isa = PBXFileReference; lastKnownFileType = image.png; path = navbar_white.png; sourceTree = "<group>"; };
		5A797FFA1E687DD600E684ED /* navbar_white@2x.png */ = {isa = PBXFileReference; lastKnownFileType = image.png; path = "navbar_white@2x.png"; sourceTree = "<group>"; };
		5A797FFB1E687DD600E684ED /* navbar_white@3x.png */ = {isa = PBXFileReference; lastKnownFileType = image.png; path = "navbar_white@3x.png"; sourceTree = "<group>"; };
		5A797FFC1E687DD600E684ED /* post_back.png */ = {isa = PBXFileReference; lastKnownFileType = image.png; path = post_back.png; sourceTree = "<group>"; };
		5A797FFD1E687DD600E684ED /* post_back@2x.png */ = {isa = PBXFileReference; lastKnownFileType = image.png; path = "post_back@2x.png"; sourceTree = "<group>"; };
		5A797FFE1E687DD600E684ED /* post_back@3x.png */ = {isa = PBXFileReference; lastKnownFileType = image.png; path = "post_back@3x.png"; sourceTree = "<group>"; };
		5A797FFF1E687DD600E684ED /* post_bookmark.png */ = {isa = PBXFileReference; lastKnownFileType = image.png; path = post_bookmark.png; sourceTree = "<group>"; };
		5A7980001E687DD600E684ED /* post_bookmark@2x.png */ = {isa = PBXFileReference; lastKnownFileType = image.png; path = "post_bookmark@2x.png"; sourceTree = "<group>"; };
		5A7980011E687DD600E684ED /* post_bookmark@3x.png */ = {isa = PBXFileReference; lastKnownFileType = image.png; path = "post_bookmark@3x.png"; sourceTree = "<group>"; };
		5A7980021E687DD600E684ED /* post_multiply.png */ = {isa = PBXFileReference; lastKnownFileType = image.png; path = post_multiply.png; sourceTree = "<group>"; };
		5A7980031E687DD600E684ED /* post_multiply@2x.png */ = {isa = PBXFileReference; lastKnownFileType = image.png; path = "post_multiply@2x.png"; sourceTree = "<group>"; };
		5A7980041E687DD600E684ED /* post_multiply@3x.png */ = {isa = PBXFileReference; lastKnownFileType = image.png; path = "post_multiply@3x.png"; sourceTree = "<group>"; };
		5A7980051E687DD600E684ED /* post_share.png */ = {isa = PBXFileReference; lastKnownFileType = image.png; path = post_share.png; sourceTree = "<group>"; };
		5A7980061E687DD600E684ED /* post_share@2x.png */ = {isa = PBXFileReference; lastKnownFileType = image.png; path = "post_share@2x.png"; sourceTree = "<group>"; };
		5A7980071E687DD600E684ED /* post_share@3x.png */ = {isa = PBXFileReference; lastKnownFileType = image.png; path = "post_share@3x.png"; sourceTree = "<group>"; };
		5A7980081E687DD600E684ED /* post_text.png */ = {isa = PBXFileReference; lastKnownFileType = image.png; path = post_text.png; sourceTree = "<group>"; };
		5A7980091E687DD600E684ED /* post_text@2x.png */ = {isa = PBXFileReference; lastKnownFileType = image.png; path = "post_text@2x.png"; sourceTree = "<group>"; };
		5A79800A1E687DD600E684ED /* PublisherApp.storyboard */ = {isa = PBXFileReference; fileEncoding = 4; lastKnownFileType = file.storyboard; path = PublisherApp.storyboard; sourceTree = "<group>"; };
		5A79800B1E687DD600E684ED /* ReaderLargeCell.xib */ = {isa = PBXFileReference; fileEncoding = 4; lastKnownFileType = file.xib; path = ReaderLargeCell.xib; sourceTree = "<group>"; };
		5A79800C1E687DD600E684ED /* ReaderSmallCellLeft.xib */ = {isa = PBXFileReference; fileEncoding = 4; lastKnownFileType = file.xib; path = ReaderSmallCellLeft.xib; sourceTree = "<group>"; };
		5A79800D1E687DD600E684ED /* ReaderSmallCellRight.xib */ = {isa = PBXFileReference; fileEncoding = 4; lastKnownFileType = file.xib; path = ReaderSmallCellRight.xib; sourceTree = "<group>"; };
		5A79800E1E687DD600E684ED /* shareImage.png */ = {isa = PBXFileReference; lastKnownFileType = image.png; path = shareImage.png; sourceTree = "<group>"; };
		5A79800F1E687DD600E684ED /* shareImage@2x.png */ = {isa = PBXFileReference; lastKnownFileType = image.png; path = "shareImage@2x.png"; sourceTree = "<group>"; };
		5A7980101E687DD600E684ED /* shareImage@3x.png */ = {isa = PBXFileReference; lastKnownFileType = image.png; path = "shareImage@3x.png"; sourceTree = "<group>"; };
		5A7980301E687DE000E684ED /* FontSelectorView.h */ = {isa = PBXFileReference; fileEncoding = 4; lastKnownFileType = sourcecode.c.h; path = FontSelectorView.h; sourceTree = "<group>"; };
		5A7980311E687DE000E684ED /* FontSelectorView.m */ = {isa = PBXFileReference; fileEncoding = 4; lastKnownFileType = sourcecode.c.objc; path = FontSelectorView.m; sourceTree = "<group>"; };
		5A7980321E687DE000E684ED /* MUOGalleryViewController.h */ = {isa = PBXFileReference; fileEncoding = 4; lastKnownFileType = sourcecode.c.h; path = MUOGalleryViewController.h; sourceTree = "<group>"; };
		5A7980331E687DE000E684ED /* MUOGalleryViewController.m */ = {isa = PBXFileReference; fileEncoding = 4; lastKnownFileType = sourcecode.c.objc; path = MUOGalleryViewController.m; sourceTree = "<group>"; };
		5A7980341E687DE000E684ED /* MUOHtmlEditor.h */ = {isa = PBXFileReference; fileEncoding = 4; lastKnownFileType = sourcecode.c.h; path = MUOHtmlEditor.h; sourceTree = "<group>"; };
		5A7980351E687DE000E684ED /* MUOHtmlEditor.m */ = {isa = PBXFileReference; fileEncoding = 4; lastKnownFileType = sourcecode.c.objc; path = MUOHtmlEditor.m; sourceTree = "<group>"; };
		5A7980361E687DE000E684ED /* MUOPagingPostsController.h */ = {isa = PBXFileReference; fileEncoding = 4; lastKnownFileType = sourcecode.c.h; path = MUOPagingPostsController.h; sourceTree = "<group>"; };
		5A7980371E687DE000E684ED /* MUOPagingPostsController.m */ = {isa = PBXFileReference; fileEncoding = 4; lastKnownFileType = sourcecode.c.objc; path = MUOPagingPostsController.m; sourceTree = "<group>"; };
		5A7980381E687DE000E684ED /* MUOPostContentViewController.h */ = {isa = PBXFileReference; fileEncoding = 4; lastKnownFileType = sourcecode.c.h; path = MUOPostContentViewController.h; sourceTree = "<group>"; };
		5A7980391E687DE000E684ED /* MUOPostContentViewController.m */ = {isa = PBXFileReference; fileEncoding = 4; lastKnownFileType = sourcecode.c.objc; path = MUOPostContentViewController.m; sourceTree = "<group>"; };
		5A79803A1E687DE000E684ED /* MUOPostsRequestManager.h */ = {isa = PBXFileReference; fileEncoding = 4; lastKnownFileType = sourcecode.c.h; path = MUOPostsRequestManager.h; sourceTree = "<group>"; };
		5A79803B1E687DE000E684ED /* MUOPostsRequestManager.m */ = {isa = PBXFileReference; fileEncoding = 4; lastKnownFileType = sourcecode.c.objc; path = MUOPostsRequestManager.m; sourceTree = "<group>"; };
		5A79803C1E687DE000E684ED /* MUOPostsViewController.h */ = {isa = PBXFileReference; fileEncoding = 4; lastKnownFileType = sourcecode.c.h; path = MUOPostsViewController.h; sourceTree = "<group>"; };
		5A79803D1E687DE000E684ED /* MUOPostsViewController.m */ = {isa = PBXFileReference; fileEncoding = 4; lastKnownFileType = sourcecode.c.objc; path = MUOPostsViewController.m; sourceTree = "<group>"; };
		5A79803E1E687DE000E684ED /* MUOScrollingImageView.h */ = {isa = PBXFileReference; fileEncoding = 4; lastKnownFileType = sourcecode.c.h; path = MUOScrollingImageView.h; sourceTree = "<group>"; };
		5A79803F1E687DE000E684ED /* MUOScrollingImageView.m */ = {isa = PBXFileReference; fileEncoding = 4; lastKnownFileType = sourcecode.c.objc; path = MUOScrollingImageView.m; sourceTree = "<group>"; };
		5A7980401E687DE000E684ED /* NSString+MUO.h */ = {isa = PBXFileReference; fileEncoding = 4; lastKnownFileType = sourcecode.c.h; path = "NSString+MUO.h"; sourceTree = "<group>"; };
		5A7980411E687DE000E684ED /* NSString+MUO.m */ = {isa = PBXFileReference; fileEncoding = 4; lastKnownFileType = sourcecode.c.objc; path = "NSString+MUO.m"; sourceTree = "<group>"; };
		5A7980421E687DE000E684ED /* Post.h */ = {isa = PBXFileReference; fileEncoding = 4; lastKnownFileType = sourcecode.c.h; path = Post.h; sourceTree = "<group>"; };
		5A7980431E687DE000E684ED /* Post.m */ = {isa = PBXFileReference; fileEncoding = 4; lastKnownFileType = sourcecode.c.objc; path = Post.m; sourceTree = "<group>"; };
		5A7980441E687DE000E684ED /* PostsSessionManager.h */ = {isa = PBXFileReference; fileEncoding = 4; lastKnownFileType = sourcecode.c.h; path = PostsSessionManager.h; sourceTree = "<group>"; };
		5A7980451E687DE000E684ED /* PostsSessionManager.m */ = {isa = PBXFileReference; fileEncoding = 4; lastKnownFileType = sourcecode.c.objc; path = PostsSessionManager.m; sourceTree = "<group>"; };
		5A7980461E687DE000E684ED /* PostsViewModel.h */ = {isa = PBXFileReference; fileEncoding = 4; lastKnownFileType = sourcecode.c.h; path = PostsViewModel.h; sourceTree = "<group>"; };
		5A7980471E687DE000E684ED /* PostsViewModel.m */ = {isa = PBXFileReference; fileEncoding = 4; lastKnownFileType = sourcecode.c.objc; path = PostsViewModel.m; sourceTree = "<group>"; };
		5A7980481E687DE000E684ED /* PublisherApp-Bridging-Header.h */ = {isa = PBXFileReference; fileEncoding = 4; lastKnownFileType = sourcecode.c.h; path = "PublisherApp-Bridging-Header.h"; sourceTree = "<group>"; };
		5A7980491E687DE000E684ED /* PublisherAppSetupProvider.h */ = {isa = PBXFileReference; fileEncoding = 4; lastKnownFileType = sourcecode.c.h; path = PublisherAppSetupProvider.h; sourceTree = "<group>"; };
		5A79804A1E687DE000E684ED /* PublisherAppSetupProvider.m */ = {isa = PBXFileReference; fileEncoding = 4; lastKnownFileType = sourcecode.c.objc; path = PublisherAppSetupProvider.m; sourceTree = "<group>"; };
		5A79804B1E687DE000E684ED /* ReaderLargeCell.h */ = {isa = PBXFileReference; fileEncoding = 4; lastKnownFileType = sourcecode.c.h; path = ReaderLargeCell.h; sourceTree = "<group>"; };
		5A79804C1E687DE000E684ED /* ReaderLargeCell.m */ = {isa = PBXFileReference; fileEncoding = 4; lastKnownFileType = sourcecode.c.objc; path = ReaderLargeCell.m; sourceTree = "<group>"; };
		5A79804D1E687DE000E684ED /* ReaderSmallCell.h */ = {isa = PBXFileReference; fileEncoding = 4; lastKnownFileType = sourcecode.c.h; path = ReaderSmallCell.h; sourceTree = "<group>"; };
		5A79804E1E687DE000E684ED /* ReaderSmallCell.m */ = {isa = PBXFileReference; fileEncoding = 4; lastKnownFileType = sourcecode.c.objc; path = ReaderSmallCell.m; sourceTree = "<group>"; };
		5A79804F1E687DE000E684ED /* SDWebImagePrefetcher+MUO.h */ = {isa = PBXFileReference; fileEncoding = 4; lastKnownFileType = sourcecode.c.h; path = "SDWebImagePrefetcher+MUO.h"; sourceTree = "<group>"; };
		5A7980501E687DE000E684ED /* SDWebImagePrefetcher+MUO.m */ = {isa = PBXFileReference; fileEncoding = 4; lastKnownFileType = sourcecode.c.objc; path = "SDWebImagePrefetcher+MUO.m"; sourceTree = "<group>"; };
		5A7980511E687DE000E684ED /* SessionManagerSetupProvider.h */ = {isa = PBXFileReference; fileEncoding = 4; lastKnownFileType = sourcecode.c.h; path = SessionManagerSetupProvider.h; sourceTree = "<group>"; };
		5A7980521E687DE000E684ED /* UIImage+MUO.h */ = {isa = PBXFileReference; fileEncoding = 4; lastKnownFileType = sourcecode.c.h; path = "UIImage+MUO.h"; sourceTree = "<group>"; };
		5A7980531E687DE000E684ED /* UIImage+MUO.m */ = {isa = PBXFileReference; fileEncoding = 4; lastKnownFileType = sourcecode.c.objc; path = "UIImage+MUO.m"; sourceTree = "<group>"; };
		5A7980541E687DE000E684ED /* UserSettings.h */ = {isa = PBXFileReference; fileEncoding = 4; lastKnownFileType = sourcecode.c.h; path = UserSettings.h; sourceTree = "<group>"; };
		5A7980551E687DE000E684ED /* UserSettings.m */ = {isa = PBXFileReference; fileEncoding = 4; lastKnownFileType = sourcecode.c.objc; path = UserSettings.m; sourceTree = "<group>"; };
		5A79807C1E68803700E684ED /* PublisherApp.h */ = {isa = PBXFileReference; fileEncoding = 4; lastKnownFileType = sourcecode.c.h; name = PublisherApp.h; path = Source/PublisherApp.h; sourceTree = "<group>"; };
		7C093653783401FD653BA67E /* Pods-PublisherApp.debug.xcconfig */ = {isa = PBXFileReference; includeInIndex = 1; lastKnownFileType = text.xcconfig; name = "Pods-PublisherApp.debug.xcconfig"; path = "Pods/Target Support Files/Pods-PublisherApp/Pods-PublisherApp.debug.xcconfig"; sourceTree = "<group>"; };
		81DE1BDCE20323967F07B4A2 /* libPods-PublisherApp.a */ = {isa = PBXFileReference; explicitFileType = archive.ar; includeInIndex = 0; path = "libPods-PublisherApp.a"; sourceTree = BUILT_PRODUCTS_DIR; };
		BFF57FE27C5190B79DFF1250 /* Pods-PublisherApp.release.xcconfig */ = {isa = PBXFileReference; includeInIndex = 1; lastKnownFileType = text.xcconfig; name = "Pods-PublisherApp.release.xcconfig"; path = "Pods/Target Support Files/Pods-PublisherApp/Pods-PublisherApp.release.xcconfig"; sourceTree = "<group>"; };
/* End PBXFileReference section */

/* Begin PBXFrameworksBuildPhase section */
		5A797F351E6841F900E684ED /* Frameworks */ = {
			isa = PBXFrameworksBuildPhase;
			buildActionMask = 2147483647;
			files = (
				6D2EB26F0F3A5D3F3C641A23 /* libPods-PublisherApp.a in Frameworks */,
			);
			runOnlyForDeploymentPostprocessing = 0;
		};
/* End PBXFrameworksBuildPhase section */

/* Begin PBXGroup section */
		0DB88D5833EEE02BB9534DF4 /* Pods */ = {
			isa = PBXGroup;
			children = (
				7C093653783401FD653BA67E /* Pods-PublisherApp.debug.xcconfig */,
				BFF57FE27C5190B79DFF1250 /* Pods-PublisherApp.release.xcconfig */,
			);
			name = Pods;
			sourceTree = "<group>";
		};
		46AC76DA946C538F457A809F /* Frameworks */ = {
			isa = PBXGroup;
			children = (
				81DE1BDCE20323967F07B4A2 /* libPods-PublisherApp.a */,
			);
			name = Frameworks;
			sourceTree = "<group>";
		};
		5A797F2F1E6841F900E684ED = {
			isa = PBXGroup;
			children = (
				5A797F3B1E6841F900E684ED /* PublisherApp */,
				5A797F3A1E6841F900E684ED /* Products */,
				0DB88D5833EEE02BB9534DF4 /* Pods */,
				46AC76DA946C538F457A809F /* Frameworks */,
			);
			sourceTree = "<group>";
		};
		5A797F3A1E6841F900E684ED /* Products */ = {
			isa = PBXGroup;
			children = (
				5A797F391E6841F900E684ED /* PublisherApp.framework */,
			);
			name = Products;
			sourceTree = "<group>";
		};
		5A797F3B1E6841F900E684ED /* PublisherApp */ = {
			isa = PBXGroup;
			children = (
				5A79802F1E687DE000E684ED /* Source */,
				5A797FF21E687DD600E684ED /* Assets */,
				5A79807C1E68803700E684ED /* PublisherApp.h */,
				5A797F3D1E6841F900E684ED /* Info.plist */,
			);
			path = PublisherApp;
			sourceTree = "<group>";
		};
		5A797FF21E687DD600E684ED /* Assets */ = {
			isa = PBXGroup;
			children = (
				5A797FF31E687DD600E684ED /* closeButtonX.png */,
				5A797FF41E687DD600E684ED /* closeButtonX@2x.png */,
				5A797FF51E687DD600E684ED /* closeButtonX@3x.png */,
				5A797FF61E687DD600E684ED /* Knob.png */,
				5A797FF71E687DD600E684ED /* Knob@2x.png */,
				5A797FF81E687DD600E684ED /* Knob@3x.png */,
				5A797FF91E687DD600E684ED /* navbar_white.png */,
				5A797FFA1E687DD600E684ED /* navbar_white@2x.png */,
				5A797FFB1E687DD600E684ED /* navbar_white@3x.png */,
				5A797FFC1E687DD600E684ED /* post_back.png */,
				5A797FFD1E687DD600E684ED /* post_back@2x.png */,
				5A797FFE1E687DD600E684ED /* post_back@3x.png */,
				5A797FFF1E687DD600E684ED /* post_bookmark.png */,
				5A7980001E687DD600E684ED /* post_bookmark@2x.png */,
				5A7980011E687DD600E684ED /* post_bookmark@3x.png */,
				5A7980021E687DD600E684ED /* post_multiply.png */,
				5A7980031E687DD600E684ED /* post_multiply@2x.png */,
				5A7980041E687DD600E684ED /* post_multiply@3x.png */,
				5A7980051E687DD600E684ED /* post_share.png */,
				5A7980061E687DD600E684ED /* post_share@2x.png */,
				5A7980071E687DD600E684ED /* post_share@3x.png */,
				5A7980081E687DD600E684ED /* post_text.png */,
				5A7980091E687DD600E684ED /* post_text@2x.png */,
				5A79800A1E687DD600E684ED /* PublisherApp.storyboard */,
				5A79800B1E687DD600E684ED /* ReaderLargeCell.xib */,
				5A79800C1E687DD600E684ED /* ReaderSmallCellLeft.xib */,
				5A79800D1E687DD600E684ED /* ReaderSmallCellRight.xib */,
				5A79800E1E687DD600E684ED /* shareImage.png */,
				5A79800F1E687DD600E684ED /* shareImage@2x.png */,
				5A7980101E687DD600E684ED /* shareImage@3x.png */,
			);
			path = Assets;
			sourceTree = "<group>";
		};
		5A79802F1E687DE000E684ED /* Source */ = {
			isa = PBXGroup;
			children = (
				5A7980301E687DE000E684ED /* FontSelectorView.h */,
				5A7980311E687DE000E684ED /* FontSelectorView.m */,
				5A7980321E687DE000E684ED /* MUOGalleryViewController.h */,
				5A7980331E687DE000E684ED /* MUOGalleryViewController.m */,
				5A7980341E687DE000E684ED /* MUOHtmlEditor.h */,
				5A7980351E687DE000E684ED /* MUOHtmlEditor.m */,
				5A7980361E687DE000E684ED /* MUOPagingPostsController.h */,
				5A7980371E687DE000E684ED /* MUOPagingPostsController.m */,
				5A7980381E687DE000E684ED /* MUOPostContentViewController.h */,
				5A7980391E687DE000E684ED /* MUOPostContentViewController.m */,
				5A79803A1E687DE000E684ED /* MUOPostsRequestManager.h */,
				5A79803B1E687DE000E684ED /* MUOPostsRequestManager.m */,
				5A79803C1E687DE000E684ED /* MUOPostsViewController.h */,
				5A79803D1E687DE000E684ED /* MUOPostsViewController.m */,
				5A79803E1E687DE000E684ED /* MUOScrollingImageView.h */,
				5A79803F1E687DE000E684ED /* MUOScrollingImageView.m */,
				5A7980401E687DE000E684ED /* NSString+MUO.h */,
				5A7980411E687DE000E684ED /* NSString+MUO.m */,
				5A7980421E687DE000E684ED /* Post.h */,
				5A7980431E687DE000E684ED /* Post.m */,
				5A7980441E687DE000E684ED /* PostsSessionManager.h */,
				5A7980451E687DE000E684ED /* PostsSessionManager.m */,
				5A7980461E687DE000E684ED /* PostsViewModel.h */,
				5A7980471E687DE000E684ED /* PostsViewModel.m */,
				5A7980481E687DE000E684ED /* PublisherApp-Bridging-Header.h */,
				5A7980491E687DE000E684ED /* PublisherAppSetupProvider.h */,
				5A79804A1E687DE000E684ED /* PublisherAppSetupProvider.m */,
				5A79804B1E687DE000E684ED /* ReaderLargeCell.h */,
				5A79804C1E687DE000E684ED /* ReaderLargeCell.m */,
				5A79804D1E687DE000E684ED /* ReaderSmallCell.h */,
				5A79804E1E687DE000E684ED /* ReaderSmallCell.m */,
				5A79804F1E687DE000E684ED /* SDWebImagePrefetcher+MUO.h */,
				5A7980501E687DE000E684ED /* SDWebImagePrefetcher+MUO.m */,
				5A7980511E687DE000E684ED /* SessionManagerSetupProvider.h */,
				5A7980521E687DE000E684ED /* UIImage+MUO.h */,
				5A7980531E687DE000E684ED /* UIImage+MUO.m */,
				5A7980541E687DE000E684ED /* UserSettings.h */,
				5A7980551E687DE000E684ED /* UserSettings.m */,
			);
			path = Source;
			sourceTree = "<group>";
		};
/* End PBXGroup section */

/* Begin PBXHeadersBuildPhase section */
		5A797F361E6841F900E684ED /* Headers */ = {
			isa = PBXHeadersBuildPhase;
			buildActionMask = 2147483647;
			files = (
				5A79805C1E687DE000E684ED /* MUOPagingPostsController.h in Headers */,
				5A7980581E687DE000E684ED /* MUOGalleryViewController.h in Headers */,
				5A7980681E687DE000E684ED /* Post.h in Headers */,
				5A7980661E687DE000E684ED /* NSString+MUO.h in Headers */,
				5A7980751E687DE000E684ED /* SDWebImagePrefetcher+MUO.h in Headers */,
				5A79806F1E687DE000E684ED /* PublisherAppSetupProvider.h in Headers */,
				5A7980711E687DE000E684ED /* ReaderLargeCell.h in Headers */,
				5A7980731E687DE000E684ED /* ReaderSmallCell.h in Headers */,
				5A79805E1E687DE000E684ED /* MUOPostContentViewController.h in Headers */,
				5A79806E1E687DE000E684ED /* PublisherApp-Bridging-Header.h in Headers */,
				5A7980771E687DE000E684ED /* SessionManagerSetupProvider.h in Headers */,
				5A7980781E687DE000E684ED /* UIImage+MUO.h in Headers */,
				5A79807D1E68803700E684ED /* PublisherApp.h in Headers */,
				5A79805A1E687DE000E684ED /* MUOHtmlEditor.h in Headers */,
				5A7980561E687DE000E684ED /* FontSelectorView.h in Headers */,
				5A7980601E687DE000E684ED /* MUOPostsRequestManager.h in Headers */,
				5A7980641E687DE000E684ED /* MUOScrollingImageView.h in Headers */,
				5A79807A1E687DE000E684ED /* UserSettings.h in Headers */,
				5A7980621E687DE000E684ED /* MUOPostsViewController.h in Headers */,
				5A79806C1E687DE000E684ED /* PostsViewModel.h in Headers */,
				5A79806A1E687DE000E684ED /* PostsSessionManager.h in Headers */,
			);
			runOnlyForDeploymentPostprocessing = 0;
		};
/* End PBXHeadersBuildPhase section */

/* Begin PBXNativeTarget section */
		5A797F381E6841F900E684ED /* PublisherApp */ = {
			isa = PBXNativeTarget;
			buildConfigurationList = 5A797F411E6841F900E684ED /* Build configuration list for PBXNativeTarget "PublisherApp" */;
			buildPhases = (
				B755598D193A38BF387D5692 /* [CP] Check Pods Manifest.lock */,
				5A797F341E6841F900E684ED /* Sources */,
				5A797F351E6841F900E684ED /* Frameworks */,
				5A797F361E6841F900E684ED /* Headers */,
				5A797F371E6841F900E684ED /* Resources */,
				2C9F925C76B81B999CA690A9 /* [CP] Copy Pods Resources */,
			);
			buildRules = (
			);
			dependencies = (
			);
			name = PublisherApp;
			productName = PublisherApp;
			productReference = 5A797F391E6841F900E684ED /* PublisherApp.framework */;
			productType = "com.apple.product-type.framework";
		};
/* End PBXNativeTarget section */

/* Begin PBXProject section */
		5A797F301E6841F900E684ED /* Project object */ = {
			isa = PBXProject;
			attributes = {
				LastUpgradeCheck = 0800;
				ORGANIZATIONNAME = MakeUseOf;
				TargetAttributes = {
					5A797F381E6841F900E684ED = {
						CreatedOnToolsVersion = 8.0;
						DevelopmentTeam = U4R65QQKZ7;
						ProvisioningStyle = Automatic;
					};
				};
			};
			buildConfigurationList = 5A797F331E6841F900E684ED /* Build configuration list for PBXProject "PublisherApp" */;
			compatibilityVersion = "Xcode 3.2";
			developmentRegion = English;
			hasScannedForEncodings = 0;
			knownRegions = (
				en,
			);
			mainGroup = 5A797F2F1E6841F900E684ED;
			productRefGroup = 5A797F3A1E6841F900E684ED /* Products */;
			projectDirPath = "";
			projectRoot = "";
			targets = (
				5A797F381E6841F900E684ED /* PublisherApp */,
			);
		};
/* End PBXProject section */

/* Begin PBXResourcesBuildPhase section */
		5A797F371E6841F900E684ED /* Resources */ = {
			isa = PBXResourcesBuildPhase;
			buildActionMask = 2147483647;
			files = (
				5A7980261E687DD600E684ED /* post_text.png in Resources */,
				5A79802B1E687DD600E684ED /* ReaderSmallCellRight.xib in Resources */,
				5A7980211E687DD600E684ED /* post_multiply@2x.png in Resources */,
				5A79802D1E687DD700E684ED /* shareImage@2x.png in Resources */,
				5A79802C1E687DD700E684ED /* shareImage.png in Resources */,
				5A79801C1E687DD600E684ED /* post_back@3x.png in Resources */,
				5A7980151E687DD600E684ED /* Knob@2x.png in Resources */,
				5A79801B1E687DD600E684ED /* post_back@2x.png in Resources */,
				5A7980281E687DD600E684ED /* PublisherApp.storyboard in Resources */,
				5A7980131E687DD600E684ED /* closeButtonX@3x.png in Resources */,
				5A79801E1E687DD600E684ED /* post_bookmark@2x.png in Resources */,
				5A79801F1E687DD600E684ED /* post_bookmark@3x.png in Resources */,
				5A7980181E687DD600E684ED /* navbar_white@2x.png in Resources */,
				5A7980291E687DD600E684ED /* ReaderLargeCell.xib in Resources */,
				5A7980141E687DD600E684ED /* Knob.png in Resources */,
				5A79802E1E687DD700E684ED /* shareImage@3x.png in Resources */,
				5A7980251E687DD600E684ED /* post_share@3x.png in Resources */,
				5A79802A1E687DD600E684ED /* ReaderSmallCellLeft.xib in Resources */,
				5A7980121E687DD600E684ED /* closeButtonX@2x.png in Resources */,
				5A7980201E687DD600E684ED /* post_multiply.png in Resources */,
				5A7980271E687DD600E684ED /* post_text@2x.png in Resources */,
				5A7980111E687DD600E684ED /* closeButtonX.png in Resources */,
				5A79801A1E687DD600E684ED /* post_back.png in Resources */,
				5A7980221E687DD600E684ED /* post_multiply@3x.png in Resources */,
				5A79801D1E687DD600E684ED /* post_bookmark.png in Resources */,
				5A7980231E687DD600E684ED /* post_share.png in Resources */,
				5A7980191E687DD600E684ED /* navbar_white@3x.png in Resources */,
				5A7980171E687DD600E684ED /* navbar_white.png in Resources */,
				5A7980241E687DD600E684ED /* post_share@2x.png in Resources */,
				5A7980161E687DD600E684ED /* Knob@3x.png in Resources */,
			);
			runOnlyForDeploymentPostprocessing = 0;
		};
/* End PBXResourcesBuildPhase section */

/* Begin PBXShellScriptBuildPhase section */
		2C9F925C76B81B999CA690A9 /* [CP] Copy Pods Resources */ = {
			isa = PBXShellScriptBuildPhase;
			buildActionMask = 2147483647;
			files = (
			);
			inputPaths = (
			);
			name = "[CP] Copy Pods Resources";
			outputPaths = (
			);
			runOnlyForDeploymentPostprocessing = 0;
			shellPath = /bin/sh;
			shellScript = "\"${SRCROOT}/Pods/Target Support Files/Pods-PublisherApp/Pods-PublisherApp-resources.sh\"\n";
			showEnvVarsInLog = 0;
		};
		B755598D193A38BF387D5692 /* [CP] Check Pods Manifest.lock */ = {
			isa = PBXShellScriptBuildPhase;
			buildActionMask = 2147483647;
			files = (
			);
			inputPaths = (
			);
			name = "[CP] Check Pods Manifest.lock";
			outputPaths = (
			);
			runOnlyForDeploymentPostprocessing = 0;
			shellPath = /bin/sh;
			shellScript = "diff \"${PODS_ROOT}/../Podfile.lock\" \"${PODS_ROOT}/Manifest.lock\" > /dev/null\nif [ $? != 0 ] ; then\n    # print error to STDERR\n    echo \"error: The sandbox is not in sync with the Podfile.lock. Run 'pod install' or update your CocoaPods installation.\" >&2\n    exit 1\nfi\n";
			showEnvVarsInLog = 0;
		};
/* End PBXShellScriptBuildPhase section */

/* Begin PBXSourcesBuildPhase section */
		5A797F341E6841F900E684ED /* Sources */ = {
			isa = PBXSourcesBuildPhase;
			buildActionMask = 2147483647;
			files = (
				5A7980701E687DE000E684ED /* PublisherAppSetupProvider.m in Sources */,
				5A7980761E687DE000E684ED /* SDWebImagePrefetcher+MUO.m in Sources */,
				5A79806D1E687DE000E684ED /* PostsViewModel.m in Sources */,
				5A79807B1E687DE000E684ED /* UserSettings.m in Sources */,
				5A7980741E687DE000E684ED /* ReaderSmallCell.m in Sources */,
				5A7980671E687DE000E684ED /* NSString+MUO.m in Sources */,
				5A7980571E687DE000E684ED /* FontSelectorView.m in Sources */,
				5A79806B1E687DE000E684ED /* PostsSessionManager.m in Sources */,
				5A79805D1E687DE000E684ED /* MUOPagingPostsController.m in Sources */,
				5A7980721E687DE000E684ED /* ReaderLargeCell.m in Sources */,
				5A7980791E687DE000E684ED /* UIImage+MUO.m in Sources */,
				5A7980591E687DE000E684ED /* MUOGalleryViewController.m in Sources */,
				5A7980631E687DE000E684ED /* MUOPostsViewController.m in Sources */,
				5A7980691E687DE000E684ED /* Post.m in Sources */,
				5A7980611E687DE000E684ED /* MUOPostsRequestManager.m in Sources */,
				5A79805B1E687DE000E684ED /* MUOHtmlEditor.m in Sources */,
				5A7980651E687DE000E684ED /* MUOScrollingImageView.m in Sources */,
				5A79805F1E687DE000E684ED /* MUOPostContentViewController.m in Sources */,
			);
			runOnlyForDeploymentPostprocessing = 0;
		};
/* End PBXSourcesBuildPhase section */

/* Begin XCBuildConfiguration section */
		5A797F3F1E6841F900E684ED /* Debug */ = {
			isa = XCBuildConfiguration;
			buildSettings = {
				ALWAYS_SEARCH_USER_PATHS = NO;
				CLANG_ANALYZER_NONNULL = YES;
				CLANG_CXX_LANGUAGE_STANDARD = "gnu++0x";
				CLANG_CXX_LIBRARY = "libc++";
				CLANG_ENABLE_MODULES = YES;
				CLANG_ENABLE_OBJC_ARC = YES;
				CLANG_WARN_BOOL_CONVERSION = YES;
				CLANG_WARN_CONSTANT_CONVERSION = YES;
				CLANG_WARN_DIRECT_OBJC_ISA_USAGE = YES_ERROR;
				CLANG_WARN_DOCUMENTATION_COMMENTS = YES;
				CLANG_WARN_EMPTY_BODY = YES;
				CLANG_WARN_ENUM_CONVERSION = YES;
				CLANG_WARN_INFINITE_RECURSION = YES;
				CLANG_WARN_INT_CONVERSION = YES;
				CLANG_WARN_OBJC_ROOT_CLASS = YES_ERROR;
				CLANG_WARN_SUSPICIOUS_MOVES = YES;
				CLANG_WARN_UNREACHABLE_CODE = YES;
				CLANG_WARN__DUPLICATE_METHOD_MATCH = YES;
				"CODE_SIGN_IDENTITY[sdk=iphoneos*]" = "iPhone Developer";
				COPY_PHASE_STRIP = NO;
				CURRENT_PROJECT_VERSION = 1;
				DEBUG_INFORMATION_FORMAT = dwarf;
				ENABLE_STRICT_OBJC_MSGSEND = YES;
				ENABLE_TESTABILITY = YES;
				GCC_C_LANGUAGE_STANDARD = gnu99;
				GCC_DYNAMIC_NO_PIC = NO;
				GCC_NO_COMMON_BLOCKS = YES;
				GCC_OPTIMIZATION_LEVEL = 0;
				GCC_PREPROCESSOR_DEFINITIONS = (
					"DEBUG=1",
					"$(inherited)",
				);
				GCC_WARN_64_TO_32_BIT_CONVERSION = YES;
				GCC_WARN_ABOUT_RETURN_TYPE = YES_ERROR;
				GCC_WARN_UNDECLARED_SELECTOR = YES;
				GCC_WARN_UNINITIALIZED_AUTOS = YES_AGGRESSIVE;
				GCC_WARN_UNUSED_FUNCTION = YES;
				GCC_WARN_UNUSED_VARIABLE = YES;
				IPHONEOS_DEPLOYMENT_TARGET = 10.0;
				MTL_ENABLE_DEBUG_INFO = YES;
				ONLY_ACTIVE_ARCH = YES;
				SDKROOT = iphoneos;
				TARGETED_DEVICE_FAMILY = "1,2";
				VERSIONING_SYSTEM = "apple-generic";
				VERSION_INFO_PREFIX = "";
			};
			name = Debug;
		};
		5A797F401E6841F900E684ED /* Release */ = {
			isa = XCBuildConfiguration;
			buildSettings = {
				ALWAYS_SEARCH_USER_PATHS = NO;
				CLANG_ANALYZER_NONNULL = YES;
				CLANG_CXX_LANGUAGE_STANDARD = "gnu++0x";
				CLANG_CXX_LIBRARY = "libc++";
				CLANG_ENABLE_MODULES = YES;
				CLANG_ENABLE_OBJC_ARC = YES;
				CLANG_WARN_BOOL_CONVERSION = YES;
				CLANG_WARN_CONSTANT_CONVERSION = YES;
				CLANG_WARN_DIRECT_OBJC_ISA_USAGE = YES_ERROR;
				CLANG_WARN_DOCUMENTATION_COMMENTS = YES;
				CLANG_WARN_EMPTY_BODY = YES;
				CLANG_WARN_ENUM_CONVERSION = YES;
				CLANG_WARN_INFINITE_RECURSION = YES;
				CLANG_WARN_INT_CONVERSION = YES;
				CLANG_WARN_OBJC_ROOT_CLASS = YES_ERROR;
				CLANG_WARN_SUSPICIOUS_MOVES = YES;
				CLANG_WARN_UNREACHABLE_CODE = YES;
				CLANG_WARN__DUPLICATE_METHOD_MATCH = YES;
				"CODE_SIGN_IDENTITY[sdk=iphoneos*]" = "iPhone Developer";
				COPY_PHASE_STRIP = NO;
				CURRENT_PROJECT_VERSION = 1;
				DEBUG_INFORMATION_FORMAT = "dwarf-with-dsym";
				ENABLE_NS_ASSERTIONS = NO;
				ENABLE_STRICT_OBJC_MSGSEND = YES;
				GCC_C_LANGUAGE_STANDARD = gnu99;
				GCC_NO_COMMON_BLOCKS = YES;
				GCC_WARN_64_TO_32_BIT_CONVERSION = YES;
				GCC_WARN_ABOUT_RETURN_TYPE = YES_ERROR;
				GCC_WARN_UNDECLARED_SELECTOR = YES;
				GCC_WARN_UNINITIALIZED_AUTOS = YES_AGGRESSIVE;
				GCC_WARN_UNUSED_FUNCTION = YES;
				GCC_WARN_UNUSED_VARIABLE = YES;
				IPHONEOS_DEPLOYMENT_TARGET = 10.0;
				MTL_ENABLE_DEBUG_INFO = NO;
				SDKROOT = iphoneos;
				TARGETED_DEVICE_FAMILY = "1,2";
				VALIDATE_PRODUCT = YES;
				VERSIONING_SYSTEM = "apple-generic";
				VERSION_INFO_PREFIX = "";
			};
			name = Release;
		};
		5A797F421E6841F900E684ED /* Debug */ = {
			isa = XCBuildConfiguration;
			baseConfigurationReference = 7C093653783401FD653BA67E /* Pods-PublisherApp.debug.xcconfig */;
			buildSettings = {
				CODE_SIGN_IDENTITY = "";
				DEFINES_MODULE = YES;
				DEVELOPMENT_TEAM = U4R65QQKZ7;
				DYLIB_COMPATIBILITY_VERSION = 1;
				DYLIB_CURRENT_VERSION = 1;
				DYLIB_INSTALL_NAME_BASE = "@rpath";
				INFOPLIST_FILE = PublisherApp/Info.plist;
				INSTALL_PATH = "$(LOCAL_LIBRARY_DIR)/Frameworks";
				LD_RUNPATH_SEARCH_PATHS = "$(inherited) @executable_path/Frameworks @loader_path/Frameworks";
				PRODUCT_BUNDLE_IDENTIFIER = com.makeuseof.PublisherApp;
				PRODUCT_NAME = "$(TARGET_NAME)";
				SKIP_INSTALL = YES;
			};
			name = Debug;
		};
		5A797F431E6841F900E684ED /* Release */ = {
			isa = XCBuildConfiguration;
			baseConfigurationReference = BFF57FE27C5190B79DFF1250 /* Pods-PublisherApp.release.xcconfig */;
			buildSettings = {
				CODE_SIGN_IDENTITY = "";
				DEFINES_MODULE = YES;
				DEVELOPMENT_TEAM = U4R65QQKZ7;
				DYLIB_COMPATIBILITY_VERSION = 1;
				DYLIB_CURRENT_VERSION = 1;
				DYLIB_INSTALL_NAME_BASE = "@rpath";
				INFOPLIST_FILE = PublisherApp/Info.plist;
				INSTALL_PATH = "$(LOCAL_LIBRARY_DIR)/Frameworks";
				LD_RUNPATH_SEARCH_PATHS = "$(inherited) @executable_path/Frameworks @loader_path/Frameworks";
				PRODUCT_BUNDLE_IDENTIFIER = com.makeuseof.PublisherApp;
				PRODUCT_NAME = "$(TARGET_NAME)";
				SKIP_INSTALL = YES;
			};
			name = Release;
		};
/* End XCBuildConfiguration section */

/* Begin XCConfigurationList section */
		5A797F331E6841F900E684ED /* Build configuration list for PBXProject "PublisherApp" */ = {
			isa = XCConfigurationList;
			buildConfigurations = (
				5A797F3F1E6841F900E684ED /* Debug */,
				5A797F401E6841F900E684ED /* Release */,
			);
			defaultConfigurationIsVisible = 0;
			defaultConfigurationName = Release;
		};
		5A797F411E6841F900E684ED /* Build configuration list for PBXNativeTarget "PublisherApp" */ = {
			isa = XCConfigurationList;
			buildConfigurations = (
				5A797F421E6841F900E684ED /* Debug */,
				5A797F431E6841F900E684ED /* Release */,
			);
			defaultConfigurationIsVisible = 0;
			defaultConfigurationName = Release;
		};
/* End XCConfigurationList section */
	};
	rootObject = 5A797F301E6841F900E684ED /* Project object */;
}
